
Microsoft Visual Studio Solution File, Format Version 12.00
# Visual Studio 15
Project("{2150E333-8FDC-42A3-9474-1A3956D46DE8}") = "GameHub.API", "GameHub.API", "{27966510-30AE-4B4E-B4DB-D51AD3C1877C}"
EndProject
Project("{2150E333-8FDC-42A3-9474-1A3956D46DE8}") = "GameHub.Libs", "GameHub.Libs", "{D94535A2-6DB7-444C-A8D6-A10439F255FE}"
EndProject
Project("{2150E333-8FDC-42A3-9474-1A3956D46DE8}") = "GameHub.Dao", "GameHub.Dao", "{6B220617-9934-49B6-9E51-35D5BD233195}"
EndProject
Project("{2150E333-8FDC-42A3-9474-1A3956D46DE8}") = "GameHub.Bean", "GameHub.Bean", "{C88A0606-7712-46D2-B610-1FB215A51CFB}"
EndProject
Project("{2150E333-8FDC-42A3-9474-1A3956D46DE8}") = "GameHub.Core", "GameHub.Core", "{751FA459-EA02-4140-825C-5C45CB18D9F8}"
EndProject
Project("{2150E333-8FDC-42A3-9474-1A3956D46DE8}") = "GameHub.Data", "GameHub.Data", "{E50EF7B9-5AF0-475E-959D-0C5D447107DF}"
EndProject
Project("{2150E333-8FDC-42A3-9474-1A3956D46DE8}") = "GameHub.Interfaces", "GameHub.Interfaces", "{61E2552E-5706-4F25-8B24-E203B8C9E457}"
EndProject
Project("{FAE04EC0-301F-11D3-BF4B-00C04F79EFBC}") = "Hub", "Hub\Hub.csproj", "{D496EA78-4BE7-4B40-914A-DF3A32C4CA93}"
EndProject
Project("{FAE04EC0-301F-11D3-BF4B-00C04F79EFBC}") = "API", "API\API.csproj", "{D351BF5A-8F68-4319-B5F9-7DBCCA59A7A2}"
EndProject
Project("{FAE04EC0-301F-11D3-BF4B-00C04F79EFBC}") = "Bean", "Bean\Bean.csproj", "{00A252A1-A2AB-4761-B20E-195774770B94}"
EndProject
Project("{FAE04EC0-301F-11D3-BF4B-00C04F79EFBC}") = "Core", "Core\Core.csproj", "{68262653-6DEC-4011-9146-51FE527DBA47}"
EndProject
Project("{FAE04EC0-301F-11D3-BF4B-00C04F79EFBC}") = "Dao", "Dao\Dao.csproj", "{65E6759A-56FF-452F-AC04-FC29756161CE}"
EndProject
Project("{FAE04EC0-301F-11D3-BF4B-00C04F79EFBC}") = "Data", "Data\Data.csproj", "{5D52AF9A-5C70-4C31-B925-8B73A665A09E}"
EndProject
Project("{FAE04EC0-301F-11D3-BF4B-00C04F79EFBC}") = "Interfaces", "Interfaces\Interfaces.csproj", "{505233E9-A764-4432-BC12-8123B0B81794}"
EndProject
Project("{FAE04EC0-301F-11D3-BF4B-00C04F79EFBC}") = "Libs", "Libs\Libs.csproj", "{EBD21F97-A45B-46EE-9D21-038F98A030CC}"
EndProject
Project("{9344BDBB-3E7F-41FC-A0DD-8665D75EE146}") = "Packages", "Packages.mdproj", "{3BF75755-4C60-40B5-A0B8-E287421D33AF}"
EndProject
Global
	GlobalSection(SolutionConfigurationPlatforms) = preSolution
		Debug|x86 = Debug|x86
		Release|x86 = Release|x86
	EndGlobalSection
	GlobalSection(ProjectConfigurationPlatforms) = postSolution
		{D496EA78-4BE7-4B40-914A-DF3A32C4CA93}.Debug|x86.ActiveCfg = Debug|x86
		{D496EA78-4BE7-4B40-914A-DF3A32C4CA93}.Debug|x86.Build.0 = Debug|x86
		{D496EA78-4BE7-4B40-914A-DF3A32C4CA93}.Release|x86.ActiveCfg = Release|x86
		{D496EA78-4BE7-4B40-914A-DF3A32C4CA93}.Release|x86.Build.0 = Release|x86
		{D351BF5A-8F68-4319-B5F9-7DBCCA59A7A2}.Debug|x86.ActiveCfg = Debug|Any CPU
		{D351BF5A-8F68-4319-B5F9-7DBCCA59A7A2}.Debug|x86.Build.0 = Debug|Any CPU
		{D351BF5A-8F68-4319-B5F9-7DBCCA59A7A2}.Release|x86.ActiveCfg = Release|Any CPU
		{D351BF5A-8F68-4319-B5F9-7DBCCA59A7A2}.Release|x86.Build.0 = Release|Any CPU
		{00A252A1-A2AB-4761-B20E-195774770B94}.Debug|x86.ActiveCfg = Debug|Any CPU
		{00A252A1-A2AB-4761-B20E-195774770B94}.Debug|x86.Build.0 = Debug|Any CPU
		{00A252A1-A2AB-4761-B20E-195774770B94}.Release|x86.ActiveCfg = Release|Any CPU
		{00A252A1-A2AB-4761-B20E-195774770B94}.Release|x86.Build.0 = Release|Any CPU
		{68262653-6DEC-4011-9146-51FE527DBA47}.Debug|x86.ActiveCfg = Debug|Any CPU
		{68262653-6DEC-4011-9146-51FE527DBA47}.Debug|x86.Build.0 = Debug|Any CPU
		{68262653-6DEC-4011-9146-51FE527DBA47}.Release|x86.ActiveCfg = Release|Any CPU
		{68262653-6DEC-4011-9146-51FE527DBA47}.Release|x86.Build.0 = Release|Any CPU
		{65E6759A-56FF-452F-AC04-FC29756161CE}.Debug|x86.ActiveCfg = Debug|Any CPU
		{65E6759A-56FF-452F-AC04-FC29756161CE}.Debug|x86.Build.0 = Debug|Any CPU
		{65E6759A-56FF-452F-AC04-FC29756161CE}.Release|x86.ActiveCfg = Release|Any CPU
		{65E6759A-56FF-452F-AC04-FC29756161CE}.Release|x86.Build.0 = Release|Any CPU
		{5D52AF9A-5C70-4C31-B925-8B73A665A09E}.Debug|x86.ActiveCfg = Debug|Any CPU
		{5D52AF9A-5C70-4C31-B925-8B73A665A09E}.Debug|x86.Build.0 = Debug|Any CPU
		{5D52AF9A-5C70-4C31-B925-8B73A665A09E}.Release|x86.ActiveCfg = Release|Any CPU
		{5D52AF9A-5C70-4C31-B925-8B73A665A09E}.Release|x86.Build.0 = Release|Any CPU
		{505233E9-A764-4432-BC12-8123B0B81794}.Debug|x86.ActiveCfg = Debug|Any CPU
		{505233E9-A764-4432-BC12-8123B0B81794}.Debug|x86.Build.0 = Debug|Any CPU
		{505233E9-A764-4432-BC12-8123B0B81794}.Release|x86.ActiveCfg = Release|Any CPU
		{505233E9-A764-4432-BC12-8123B0B81794}.Release|x86.Build.0 = Release|Any CPU
		{EBD21F97-A45B-46EE-9D21-038F98A030CC}.Debug|x86.ActiveCfg = Debug|x86
		{EBD21F97-A45B-46EE-9D21-038F98A030CC}.Debug|x86.Build.0 = Debug|x86
		{EBD21F97-A45B-46EE-9D21-038F98A030CC}.Release|x86.ActiveCfg = Release|x86
		{EBD21F97-A45B-46EE-9D21-038F98A030CC}.Release|x86.Build.0 = Release|x86
		{3BF75755-4C60-40B5-A0B8-E287421D33AF}.Debug|x86.ActiveCfg = Debug|Any CPU
		{3BF75755-4C60-40B5-A0B8-E287421D33AF}.Release|x86.ActiveCfg = Release|Any CPU
	EndGlobalSection
	GlobalSection(NestedProjects) = preSolution
		{D351BF5A-8F68-4319-B5F9-7DBCCA59A7A2} = {27966510-30AE-4B4E-B4DB-D51AD3C1877C}
		{00A252A1-A2AB-4761-B20E-195774770B94} = {C88A0606-7712-46D2-B610-1FB215A51CFB}
		{68262653-6DEC-4011-9146-51FE527DBA47} = {751FA459-EA02-4140-825C-5C45CB18D9F8}
		{65E6759A-56FF-452F-AC04-FC29756161CE} = {6B220617-9934-49B6-9E51-35D5BD233195}
		{5D52AF9A-5C70-4C31-B925-8B73A665A09E} = {E50EF7B9-5AF0-475E-959D-0C5D447107DF}
		{505233E9-A764-4432-BC12-8123B0B81794} = {61E2552E-5706-4F25-8B24-E203B8C9E457}
		{EBD21F97-A45B-46EE-9D21-038F98A030CC} = {D94535A2-6DB7-444C-A8D6-A10439F255FE}
	EndGlobalSection
EndGlobal
