
Microsoft Visual Studio Solution File, Format Version 12.00
Project("{2150E333-8FDC-42A3-9474-1A3956D46DE8}") = "Atlantis.Login", "Atlantis.Login", "{624F00AC-5FF5-451F-98A5-3428B53155B3}"
EndProject
Project("{FAE04EC0-301F-11D3-BF4B-00C04F79EFBC}") = "Atlantis.Login", "Atlantis.Login\Atlantis.Login.csproj", "{FAAD57EB-8C24-4F8C-9A67-FFFEF7803246}"
EndProject
Project("{2150E333-8FDC-42A3-9474-1A3956D46DE8}") = "Atlantis.Register", "Atlantis.Register", "{1BE1EDD2-6730-41AA-BB18-A87872A3C168}"
EndProject
Project("{FAE04EC0-301F-11D3-BF4B-00C04F79EFBC}") = "Atlantis.Register", "Atlantis.Register\Atlantis.Register.csproj", "{1C350F04-FC1F-4C82-BFE1-36182042AA40}"
EndProject
Project("{2150E333-8FDC-42A3-9474-1A3956D46DE8}") = "Atlantis.Server", "Atlantis.Server", "{59A0E3A4-120A-4F91-808A-F0EEBDAB94E4}"
EndProject
Project("{FAE04EC0-301F-11D3-BF4B-00C04F79EFBC}") = "Atlantis.Server", "Atlantis.Server\Atlantis.Server.csproj", "{3893FAEF-7F14-4B95-9982-BA10BFD8D89C}"
EndProject
Project("{2150E333-8FDC-42A3-9474-1A3956D46DE8}") = "Atlantis.Integration", "Atlantis.Integration", "{AED564A6-BE2E-4193-894D-2F7B43C9052F}"
EndProject
Project("{FAE04EC0-301F-11D3-BF4B-00C04F79EFBC}") = "Atlantis.Integration", "Atlantis.Integration\Atlantis.Integration.csproj", "{7CE84D4E-2A5E-48CB-8044-B917C55AC985}"
EndProject
Project("{2150E333-8FDC-42A3-9474-1A3956D46DE8}") = "Atlantis.GameInfo", "Atlantis.GameInfo", "{D99CF192-4ACB-4785-A73D-26E9BABAA546}"
EndProject
Project("{FAE04EC0-301F-11D3-BF4B-00C04F79EFBC}") = "Atlantis.GameInfo", "Atlantis.GameInfo\Atlantis.GameInfo.csproj", "{B04644C6-7B13-44F6-84A0-BE326B05BDAF}"
EndProject
Project("{2150E333-8FDC-42A3-9474-1A3956D46DE8}") = "Solution Items", "Solution Items", "{A401A083-DFB5-4FE7-AE92-53922EE7FB6C}"
	ProjectSection(SolutionItems) = preProject
		docker-compose.yml = docker-compose.yml
	EndProjectSection
EndProject
Project("{2150E333-8FDC-42A3-9474-1A3956D46DE8}") = "Atlantis.Data", "Atlantis.Data", "{3290A374-E200-49C1-9834-6340C569B9A4}"
EndProject
Project("{FAE04EC0-301F-11D3-BF4B-00C04F79EFBC}") = "Atlantis.Data", "Atlantis.Data\Atlantis.Data.csproj", "{79CD72CD-68C5-44C7-A5B2-7B5F0B06EDD2}"
EndProject
Project("{2150E333-8FDC-42A3-9474-1A3956D46DE8}") = "Atlantis.Wallets", "Atlantis.Wallets", "{E22DAF02-3293-4B74-8039-D828018502FA}"
EndProject
Project("{FAE04EC0-301F-11D3-BF4B-00C04F79EFBC}") = "Atlantis.Wallets", "Atlantis.Wallets\Atlantis.Wallets.csproj", "{2E33C103-021F-4579-BC7B-E22A8A2B1F9B}"
EndProject
Project("{2150E333-8FDC-42A3-9474-1A3956D46DE8}") = "AtlantisWallet.Data", "AtlantisWallet.Data", "{BDF35B1A-EFA6-4E1A-86FB-1FD87F1EB399}"
EndProject
Project("{FAE04EC0-301F-11D3-BF4B-00C04F79EFBC}") = "AtlantisWallet.Data", "AtlantisWallet.Data\AtlantisWallet.Data.csproj", "{F3485868-3CAD-425C-9492-4F648061005C}"
EndProject
Project("{2150E333-8FDC-42A3-9474-1A3956D46DE8}") = "Atlantis.Network", "Atlantis.Network", "{A1709F81-7449-4EA4-91BA-0212A71CB920}"
EndProject
Project("{FAE04EC0-301F-11D3-BF4B-00C04F79EFBC}") = "Atlantis.Network", "Atlantis.Network\Atlantis.Network.csproj", "{1D85F706-2A7F-401F-90EB-00ADF2659CC8}"
EndProject
Project("{2150E333-8FDC-42A3-9474-1A3956D46DE8}") = "Network.Data", "Network.Data", "{85C674A4-F1AF-4407-81A5-9A225A7B1A4C}"
EndProject
Project("{FAE04EC0-301F-11D3-BF4B-00C04F79EFBC}") = "Network.Data", "Network.Data\Network.Data.csproj", "{600D7DB0-47BD-4FB0-88A9-1769681E1305}"
EndProject
Project("{2150E333-8FDC-42A3-9474-1A3956D46DE8}") = "Atlantis.Items", "Atlantis.Items", "{3ADCA736-552D-43A7-BDF1-68AF6A4F82B3}"
EndProject
Project("{FAE04EC0-301F-11D3-BF4B-00C04F79EFBC}") = "Atlantis.Items", "Atlantis.Items\Atlantis.Items.csproj", "{0CA3AB62-3BBA-46E8-AAEA-509F34F83AC7}"
EndProject
Project("{2150E333-8FDC-42A3-9474-1A3956D46DE8}") = "Items.Data", "Items.Data", "{A84FA70C-639A-4472-89A5-CCC76925419E}"
EndProject
Project("{FAE04EC0-301F-11D3-BF4B-00C04F79EFBC}") = "Items.Data", "Items.Data\Items.Data.csproj", "{EEDE46D2-6DE9-4700-BE34-6E642ADAF78B}"
EndProject
Project("{2150E333-8FDC-42A3-9474-1A3956D46DE8}") = "Atlantis.Inventory", "Atlantis.Inventory", "{2FCCDAAA-1AAD-4990-847B-B8E93C41C02B}"
EndProject
Project("{FAE04EC0-301F-11D3-BF4B-00C04F79EFBC}") = "Atlantis.Inventory", "Atlantis.Inventory\Atlantis.Inventory.csproj", "{61A3BE0E-763D-482B-A1E0-73580E0252F5}"
EndProject
Project("{2150E333-8FDC-42A3-9474-1A3956D46DE8}") = "Inventory.Data", "Inventory.Data", "{D3709647-6417-437D-AFE0-06D594875FCD}"
EndProject
Project("{FAE04EC0-301F-11D3-BF4B-00C04F79EFBC}") = "Inventory.Data", "Inventory.Data\Inventory.Data.csproj", "{3B24FCE1-DEA7-49DB-99A3-89E6DFF89533}"
EndProject
Project("{2150E333-8FDC-42A3-9474-1A3956D46DE8}") = "Atlantis.Friends", "Atlantis.Friends", "{0D106E0D-6CCC-41E8-9B87-36361FCCDC5F}"
EndProject
Project("{FAE04EC0-301F-11D3-BF4B-00C04F79EFBC}") = "Atlantis.Friends", "Atlantis.Friends\Atlantis.Friends.csproj", "{A2FB2082-EA4A-48FD-BD9B-4A4F2D8679D0}"
EndProject
Project("{2150E333-8FDC-42A3-9474-1A3956D46DE8}") = "Friends.Data", "Friends.Data", "{C501595F-6251-4FF5-9A40-5719EF516FC6}"
EndProject
Project("{FAE04EC0-301F-11D3-BF4B-00C04F79EFBC}") = "Friends.Data", "Friends.Data\Friends.Data.csproj", "{932913D2-82AA-475B-8990-488A13C07776}"
EndProject
Project("{2150E333-8FDC-42A3-9474-1A3956D46DE8}") = "Atlantis.Chat", "Atlantis.Chat", "{15FB7D99-EE94-4E29-A316-2B600E207F8B}"
EndProject
Project("{FAE04EC0-301F-11D3-BF4B-00C04F79EFBC}") = "Atlantis.Chat", "Atlantis.Chat\Atlantis.Chat.csproj", "{86DF00FF-3A45-41C5-B70A-8F9A2419EC89}"
EndProject
Project("{2150E333-8FDC-42A3-9474-1A3956D46DE8}") = "Atlantis.Occupation", "Atlantis.Occupation", "{112CAE2A-64FC-4366-8A06-4F9E7EC5E455}"
EndProject
Project("{FAE04EC0-301F-11D3-BF4B-00C04F79EFBC}") = "Atlantis.Occupation", "Atlantis.Occupation\Atlantis.Occupation.csproj", "{F2A9EE0D-68C2-49F4-A133-06F34B016E9E}"
EndProject
Project("{2150E333-8FDC-42A3-9474-1A3956D46DE8}") = "Occupation.Data", "Occupation.Data", "{19D28A5B-ADA6-426B-8D38-ED551EE25174}"
EndProject
Project("{FAE04EC0-301F-11D3-BF4B-00C04F79EFBC}") = "Occupation.Data", "Occupation.Data\Occupation.Data.csproj", "{77A262D9-B990-4CD3-A236-F7A214B69C89}"
EndProject
Project("{2150E333-8FDC-42A3-9474-1A3956D46DE8}") = "Atlantis.Progress", "Atlantis.Progress", "{5B00539B-77B2-4E27-8A39-CB83BAB4C5A2}"
EndProject
Project("{FAE04EC0-301F-11D3-BF4B-00C04F79EFBC}") = "Atlantis.Progress", "Atlantis.Progress\Atlantis.Progress.csproj", "{D323DC44-A54A-439C-9DFC-BD8EB9C9ECF0}"
EndProject
Project("{2150E333-8FDC-42A3-9474-1A3956D46DE8}") = "Progress.Data", "Progress.Data", "{14038D1C-C8A4-4F63-8704-40B2158BBB28}"
EndProject
Project("{FAE04EC0-301F-11D3-BF4B-00C04F79EFBC}") = "Progress.Data", "Progress.Data\Progress.Data.csproj", "{71A608ED-DBDC-4002-8C6E-DB82E20A831F}"
EndProject
Project("{2150E333-8FDC-42A3-9474-1A3956D46DE8}") = "Atlantis.Dialogue", "Atlantis.Dialogue", "{2A29820B-A465-4686-8AC5-E97719FC1B50}"
EndProject
Project("{FAE04EC0-301F-11D3-BF4B-00C04F79EFBC}") = "Atlantis.Dialogue", "Atlantis.Dialogue\Atlantis.Dialogue.csproj", "{014F0609-27E6-444C-9FCE-7B41873AF82E}"
EndProject
Project("{2150E333-8FDC-42A3-9474-1A3956D46DE8}") = "Dialogue.Data", "Dialogue.Data", "{E0C7547C-8C4F-4BF8-9633-2B3FAA774A25}"
EndProject
Project("{FAE04EC0-301F-11D3-BF4B-00C04F79EFBC}") = "Dialogue.Data", "Dialogue.Data\Dialogue.Data.csproj", "{BDE5FD36-D6DA-4A70-B994-C46A09E655BE}"
EndProject
Project("{2150E333-8FDC-42A3-9474-1A3956D46DE8}") = "Atlantis.Conquest", "Atlantis.Conquest", "{1C1E05CF-CCB0-40C0-AF89-AB0A2AE4C0B8}"
EndProject
Project("{FAE04EC0-301F-11D3-BF4B-00C04F79EFBC}") = "Atlantis.Conquest", "Atlantis.Conquest\Atlantis.Conquest.csproj", "{C219A80D-4300-49B2-AB02-C6035D3AD6A8}"
EndProject
Project("{2150E333-8FDC-42A3-9474-1A3956D46DE8}") = "Conquest.Data", "Conquest.Data", "{AE786D1B-49D0-443E-A3F0-364D229406E6}"
EndProject
Project("{FAE04EC0-301F-11D3-BF4B-00C04F79EFBC}") = "Conquest.Data", "Conquest.Data\Conquest.Data.csproj", "{1AD1A7BB-242C-469B-AB88-0816066D7C53}"
EndProject
Project("{2150E333-8FDC-42A3-9474-1A3956D46DE8}") = "Atlantis.Multiplayer", "Atlantis.Multiplayer", "{06A3570C-8731-4A7D-9743-794D301CDD5C}"
EndProject
Project("{FAE04EC0-301F-11D3-BF4B-00C04F79EFBC}") = "Atlantis.Multiplayer", "Atlantis.Multiplayer\Atlantis.Multiplayer.csproj", "{B24B6089-E2FE-4FCA-84E7-D204712037C6}"
EndProject
Project("{2150E333-8FDC-42A3-9474-1A3956D46DE8}") = "Atlantis.Async", "Atlantis.Async", "{6ADA60D5-7D2C-429E-84B5-BE292A2E96C8}"
EndProject
Project("{FAE04EC0-301F-11D3-BF4B-00C04F79EFBC}") = "Atlantis.Async", "Atlantis.Async\Atlantis.Async.csproj", "{8F8102E0-F4CC-4D27-9B64-C8A3CB94306C}"
EndProject
Project("{2150E333-8FDC-42A3-9474-1A3956D46DE8}") = "Atlantis.Event", "Atlantis.Event", "{A30CD703-1AF1-4F7B-BBB3-E91DAFE5CB43}"
EndProject
Project("{FAE04EC0-301F-11D3-BF4B-00C04F79EFBC}") = "Atlantis.Event", "Atlantis.Event\Atlantis.Event.csproj", "{4584EB74-A66F-4D6F-95B6-3DA343D578DC}"
EndProject
Project("{2150E333-8FDC-42A3-9474-1A3956D46DE8}") = "Event.Data", "Event.Data", "{F667A477-8AF9-4F2A-B606-D8B7C2DD738E}"
EndProject
Project("{FAE04EC0-301F-11D3-BF4B-00C04F79EFBC}") = "Event.Data", "Event.Data\Event.Data.csproj", "{990FB414-45D9-4024-8E6E-9D1ED6436D31}"
EndProject
Project("{2150E333-8FDC-42A3-9474-1A3956D46DE8}") = "Atlantis.Perfil", "Atlantis.Perfil", "{BA693B09-F06B-4EEA-974C-B5B54998477C}"
EndProject
Project("{FAE04EC0-301F-11D3-BF4B-00C04F79EFBC}") = "Atlantis.Perfil", "Atlantis.Perfil\Atlantis.Perfil.csproj", "{0832CB7B-3147-4F8D-8767-84CBFEC5A9C7}"
EndProject
Project("{2150E333-8FDC-42A3-9474-1A3956D46DE8}") = "Perfil.Data", "Perfil.Data", "{103751AE-7538-454C-AA85-269B6B2F5FC0}"
EndProject
Project("{FAE04EC0-301F-11D3-BF4B-00C04F79EFBC}") = "Perfil.Data", "Perfil.Data\Perfil.Data.csproj", "{753C5416-5DD2-4929-94B0-0DE910466F6C}"
EndProject
Project("{2150E333-8FDC-42A3-9474-1A3956D46DE8}") = "Atlantis.Character", "Atlantis.Character", "{5F4EFEED-E748-45DD-8352-F297E0D5E206}"
EndProject
Project("{FAE04EC0-301F-11D3-BF4B-00C04F79EFBC}") = "Atlantis.Character", "Atlantis.Character\Atlantis.Character.csproj", "{9A88476A-0EFE-4463-88E2-9C5AC8F8FA8E}"
EndProject
Project("{2150E333-8FDC-42A3-9474-1A3956D46DE8}") = "Character.Data", "Character.Data", "{8978E031-60F6-4D16-B556-85286C312F31}"
EndProject
Project("{FAE04EC0-301F-11D3-BF4B-00C04F79EFBC}") = "Character.Data", "Character.Data\Character.Data.csproj", "{12C1864C-7542-44CF-9097-EB13CD8EB372}"
EndProject
Project("{2150E333-8FDC-42A3-9474-1A3956D46DE8}") = "Atlantis.MarketPlace", "Atlantis.MarketPlace", "{102EE3E0-37A6-45C6-B7F9-5ED2DF212CAF}"
EndProject
Project("{FAE04EC0-301F-11D3-BF4B-00C04F79EFBC}") = "Atlantis.MarketPlace", "Atlantis.MarketPlace\Atlantis.MarketPlace.csproj", "{65234951-D425-4959-AD7A-D01034662385}"
EndProject
Project("{2150E333-8FDC-42A3-9474-1A3956D46DE8}") = "MarketPlace.Data", "MarketPlace.Data", "{C4A1F5FA-91DD-46D3-B61E-4B1AA3C7CB7F}"
EndProject
Project("{FAE04EC0-301F-11D3-BF4B-00C04F79EFBC}") = "MarketPlace.Data", "MarketPlace.Data\MarketPlace.Data.csproj", "{184E62E5-4555-406E-8810-629D5BA8FCF5}"
EndProject
Global
	GlobalSection(SolutionConfigurationPlatforms) = preSolution
		Debug|Any CPU = Debug|Any CPU
		Release|Any CPU = Release|Any CPU
	EndGlobalSection
	GlobalSection(NestedProjects) = preSolution
		{FAAD57EB-8C24-4F8C-9A67-FFFEF7803246} = {624F00AC-5FF5-451F-98A5-3428B53155B3}
		{1C350F04-FC1F-4C82-BFE1-36182042AA40} = {1BE1EDD2-6730-41AA-BB18-A87872A3C168}
		{3893FAEF-7F14-4B95-9982-BA10BFD8D89C} = {59A0E3A4-120A-4F91-808A-F0EEBDAB94E4}
		{7CE84D4E-2A5E-48CB-8044-B917C55AC985} = {AED564A6-BE2E-4193-894D-2F7B43C9052F}
		{B04644C6-7B13-44F6-84A0-BE326B05BDAF} = {D99CF192-4ACB-4785-A73D-26E9BABAA546}
		{79CD72CD-68C5-44C7-A5B2-7B5F0B06EDD2} = {3290A374-E200-49C1-9834-6340C569B9A4}
		{2E33C103-021F-4579-BC7B-E22A8A2B1F9B} = {E22DAF02-3293-4B74-8039-D828018502FA}
		{F3485868-3CAD-425C-9492-4F648061005C} = {BDF35B1A-EFA6-4E1A-86FB-1FD87F1EB399}
		{1D85F706-2A7F-401F-90EB-00ADF2659CC8} = {A1709F81-7449-4EA4-91BA-0212A71CB920}
		{600D7DB0-47BD-4FB0-88A9-1769681E1305} = {85C674A4-F1AF-4407-81A5-9A225A7B1A4C}
		{0CA3AB62-3BBA-46E8-AAEA-509F34F83AC7} = {3ADCA736-552D-43A7-BDF1-68AF6A4F82B3}
		{EEDE46D2-6DE9-4700-BE34-6E642ADAF78B} = {A84FA70C-639A-4472-89A5-CCC76925419E}
		{61A3BE0E-763D-482B-A1E0-73580E0252F5} = {2FCCDAAA-1AAD-4990-847B-B8E93C41C02B}
		{3B24FCE1-DEA7-49DB-99A3-89E6DFF89533} = {D3709647-6417-437D-AFE0-06D594875FCD}
		{A2FB2082-EA4A-48FD-BD9B-4A4F2D8679D0} = {0D106E0D-6CCC-41E8-9B87-36361FCCDC5F}
		{932913D2-82AA-475B-8990-488A13C07776} = {C501595F-6251-4FF5-9A40-5719EF516FC6}
		{86DF00FF-3A45-41C5-B70A-8F9A2419EC89} = {15FB7D99-EE94-4E29-A316-2B600E207F8B}
		{F2A9EE0D-68C2-49F4-A133-06F34B016E9E} = {112CAE2A-64FC-4366-8A06-4F9E7EC5E455}
		{77A262D9-B990-4CD3-A236-F7A214B69C89} = {19D28A5B-ADA6-426B-8D38-ED551EE25174}
		{D323DC44-A54A-439C-9DFC-BD8EB9C9ECF0} = {5B00539B-77B2-4E27-8A39-CB83BAB4C5A2}
		{71A608ED-DBDC-4002-8C6E-DB82E20A831F} = {14038D1C-C8A4-4F63-8704-40B2158BBB28}
		{014F0609-27E6-444C-9FCE-7B41873AF82E} = {2A29820B-A465-4686-8AC5-E97719FC1B50}
		{BDE5FD36-D6DA-4A70-B994-C46A09E655BE} = {E0C7547C-8C4F-4BF8-9633-2B3FAA774A25}
		{C219A80D-4300-49B2-AB02-C6035D3AD6A8} = {1C1E05CF-CCB0-40C0-AF89-AB0A2AE4C0B8}
		{1AD1A7BB-242C-469B-AB88-0816066D7C53} = {AE786D1B-49D0-443E-A3F0-364D229406E6}
		{B24B6089-E2FE-4FCA-84E7-D204712037C6} = {06A3570C-8731-4A7D-9743-794D301CDD5C}
		{8F8102E0-F4CC-4D27-9B64-C8A3CB94306C} = {6ADA60D5-7D2C-429E-84B5-BE292A2E96C8}
		{4584EB74-A66F-4D6F-95B6-3DA343D578DC} = {A30CD703-1AF1-4F7B-BBB3-E91DAFE5CB43}
		{990FB414-45D9-4024-8E6E-9D1ED6436D31} = {F667A477-8AF9-4F2A-B606-D8B7C2DD738E}
		{0832CB7B-3147-4F8D-8767-84CBFEC5A9C7} = {BA693B09-F06B-4EEA-974C-B5B54998477C}
		{753C5416-5DD2-4929-94B0-0DE910466F6C} = {103751AE-7538-454C-AA85-269B6B2F5FC0}
		{9A88476A-0EFE-4463-88E2-9C5AC8F8FA8E} = {5F4EFEED-E748-45DD-8352-F297E0D5E206}
		{12C1864C-7542-44CF-9097-EB13CD8EB372} = {8978E031-60F6-4D16-B556-85286C312F31}
		{65234951-D425-4959-AD7A-D01034662385} = {102EE3E0-37A6-45C6-B7F9-5ED2DF212CAF}
		{184E62E5-4555-406E-8810-629D5BA8FCF5} = {C4A1F5FA-91DD-46D3-B61E-4B1AA3C7CB7F}
	EndGlobalSection
	GlobalSection(ProjectConfigurationPlatforms) = postSolution
		{FAAD57EB-8C24-4F8C-9A67-FFFEF7803246}.Debug|Any CPU.ActiveCfg = Debug|Any CPU
		{FAAD57EB-8C24-4F8C-9A67-FFFEF7803246}.Debug|Any CPU.Build.0 = Debug|Any CPU
		{FAAD57EB-8C24-4F8C-9A67-FFFEF7803246}.Release|Any CPU.ActiveCfg = Release|Any CPU
		{FAAD57EB-8C24-4F8C-9A67-FFFEF7803246}.Release|Any CPU.Build.0 = Release|Any CPU
		{1C350F04-FC1F-4C82-BFE1-36182042AA40}.Debug|Any CPU.ActiveCfg = Debug|Any CPU
		{1C350F04-FC1F-4C82-BFE1-36182042AA40}.Debug|Any CPU.Build.0 = Debug|Any CPU
		{1C350F04-FC1F-4C82-BFE1-36182042AA40}.Release|Any CPU.ActiveCfg = Release|Any CPU
		{1C350F04-FC1F-4C82-BFE1-36182042AA40}.Release|Any CPU.Build.0 = Release|Any CPU
		{3893FAEF-7F14-4B95-9982-BA10BFD8D89C}.Debug|Any CPU.ActiveCfg = Debug|Any CPU
		{3893FAEF-7F14-4B95-9982-BA10BFD8D89C}.Debug|Any CPU.Build.0 = Debug|Any CPU
		{3893FAEF-7F14-4B95-9982-BA10BFD8D89C}.Release|Any CPU.ActiveCfg = Release|Any CPU
		{3893FAEF-7F14-4B95-9982-BA10BFD8D89C}.Release|Any CPU.Build.0 = Release|Any CPU
		{7CE84D4E-2A5E-48CB-8044-B917C55AC985}.Debug|Any CPU.ActiveCfg = Debug|Any CPU
		{7CE84D4E-2A5E-48CB-8044-B917C55AC985}.Debug|Any CPU.Build.0 = Debug|Any CPU
		{7CE84D4E-2A5E-48CB-8044-B917C55AC985}.Release|Any CPU.ActiveCfg = Release|Any CPU
		{7CE84D4E-2A5E-48CB-8044-B917C55AC985}.Release|Any CPU.Build.0 = Release|Any CPU
		{B04644C6-7B13-44F6-84A0-BE326B05BDAF}.Debug|Any CPU.ActiveCfg = Debug|Any CPU
		{B04644C6-7B13-44F6-84A0-BE326B05BDAF}.Debug|Any CPU.Build.0 = Debug|Any CPU
		{B04644C6-7B13-44F6-84A0-BE326B05BDAF}.Release|Any CPU.ActiveCfg = Release|Any CPU
		{B04644C6-7B13-44F6-84A0-BE326B05BDAF}.Release|Any CPU.Build.0 = Release|Any CPU
		{79CD72CD-68C5-44C7-A5B2-7B5F0B06EDD2}.Debug|Any CPU.ActiveCfg = Debug|Any CPU
		{79CD72CD-68C5-44C7-A5B2-7B5F0B06EDD2}.Debug|Any CPU.Build.0 = Debug|Any CPU
		{79CD72CD-68C5-44C7-A5B2-7B5F0B06EDD2}.Release|Any CPU.ActiveCfg = Release|Any CPU
		{79CD72CD-68C5-44C7-A5B2-7B5F0B06EDD2}.Release|Any CPU.Build.0 = Release|Any CPU
		{2E33C103-021F-4579-BC7B-E22A8A2B1F9B}.Debug|Any CPU.ActiveCfg = Debug|Any CPU
		{2E33C103-021F-4579-BC7B-E22A8A2B1F9B}.Debug|Any CPU.Build.0 = Debug|Any CPU
		{2E33C103-021F-4579-BC7B-E22A8A2B1F9B}.Release|Any CPU.ActiveCfg = Release|Any CPU
		{2E33C103-021F-4579-BC7B-E22A8A2B1F9B}.Release|Any CPU.Build.0 = Release|Any CPU
		{F3485868-3CAD-425C-9492-4F648061005C}.Debug|Any CPU.ActiveCfg = Debug|Any CPU
		{F3485868-3CAD-425C-9492-4F648061005C}.Debug|Any CPU.Build.0 = Debug|Any CPU
		{F3485868-3CAD-425C-9492-4F648061005C}.Release|Any CPU.ActiveCfg = Release|Any CPU
		{F3485868-3CAD-425C-9492-4F648061005C}.Release|Any CPU.Build.0 = Release|Any CPU
		{1D85F706-2A7F-401F-90EB-00ADF2659CC8}.Debug|Any CPU.ActiveCfg = Debug|Any CPU
		{1D85F706-2A7F-401F-90EB-00ADF2659CC8}.Debug|Any CPU.Build.0 = Debug|Any CPU
		{1D85F706-2A7F-401F-90EB-00ADF2659CC8}.Release|Any CPU.ActiveCfg = Release|Any CPU
		{1D85F706-2A7F-401F-90EB-00ADF2659CC8}.Release|Any CPU.Build.0 = Release|Any CPU
		{600D7DB0-47BD-4FB0-88A9-1769681E1305}.Debug|Any CPU.ActiveCfg = Debug|Any CPU
		{600D7DB0-47BD-4FB0-88A9-1769681E1305}.Debug|Any CPU.Build.0 = Debug|Any CPU
		{600D7DB0-47BD-4FB0-88A9-1769681E1305}.Release|Any CPU.ActiveCfg = Release|Any CPU
		{600D7DB0-47BD-4FB0-88A9-1769681E1305}.Release|Any CPU.Build.0 = Release|Any CPU
		{0CA3AB62-3BBA-46E8-AAEA-509F34F83AC7}.Debug|Any CPU.ActiveCfg = Debug|Any CPU
		{0CA3AB62-3BBA-46E8-AAEA-509F34F83AC7}.Debug|Any CPU.Build.0 = Debug|Any CPU
		{0CA3AB62-3BBA-46E8-AAEA-509F34F83AC7}.Release|Any CPU.ActiveCfg = Release|Any CPU
		{0CA3AB62-3BBA-46E8-AAEA-509F34F83AC7}.Release|Any CPU.Build.0 = Release|Any CPU
		{EEDE46D2-6DE9-4700-BE34-6E642ADAF78B}.Debug|Any CPU.ActiveCfg = Debug|Any CPU
		{EEDE46D2-6DE9-4700-BE34-6E642ADAF78B}.Debug|Any CPU.Build.0 = Debug|Any CPU
		{EEDE46D2-6DE9-4700-BE34-6E642ADAF78B}.Release|Any CPU.ActiveCfg = Release|Any CPU
		{EEDE46D2-6DE9-4700-BE34-6E642ADAF78B}.Release|Any CPU.Build.0 = Release|Any CPU
		{61A3BE0E-763D-482B-A1E0-73580E0252F5}.Debug|Any CPU.ActiveCfg = Debug|Any CPU
		{61A3BE0E-763D-482B-A1E0-73580E0252F5}.Debug|Any CPU.Build.0 = Debug|Any CPU
		{61A3BE0E-763D-482B-A1E0-73580E0252F5}.Release|Any CPU.ActiveCfg = Release|Any CPU
		{61A3BE0E-763D-482B-A1E0-73580E0252F5}.Release|Any CPU.Build.0 = Release|Any CPU
		{3B24FCE1-DEA7-49DB-99A3-89E6DFF89533}.Debug|Any CPU.ActiveCfg = Debug|Any CPU
		{3B24FCE1-DEA7-49DB-99A3-89E6DFF89533}.Debug|Any CPU.Build.0 = Debug|Any CPU
		{3B24FCE1-DEA7-49DB-99A3-89E6DFF89533}.Release|Any CPU.ActiveCfg = Release|Any CPU
		{3B24FCE1-DEA7-49DB-99A3-89E6DFF89533}.Release|Any CPU.Build.0 = Release|Any CPU
		{A2FB2082-EA4A-48FD-BD9B-4A4F2D8679D0}.Debug|Any CPU.ActiveCfg = Debug|Any CPU
		{A2FB2082-EA4A-48FD-BD9B-4A4F2D8679D0}.Debug|Any CPU.Build.0 = Debug|Any CPU
		{A2FB2082-EA4A-48FD-BD9B-4A4F2D8679D0}.Release|Any CPU.ActiveCfg = Release|Any CPU
		{A2FB2082-EA4A-48FD-BD9B-4A4F2D8679D0}.Release|Any CPU.Build.0 = Release|Any CPU
		{932913D2-82AA-475B-8990-488A13C07776}.Debug|Any CPU.ActiveCfg = Debug|Any CPU
		{932913D2-82AA-475B-8990-488A13C07776}.Debug|Any CPU.Build.0 = Debug|Any CPU
		{932913D2-82AA-475B-8990-488A13C07776}.Release|Any CPU.ActiveCfg = Release|Any CPU
		{932913D2-82AA-475B-8990-488A13C07776}.Release|Any CPU.Build.0 = Release|Any CPU
		{86DF00FF-3A45-41C5-B70A-8F9A2419EC89}.Debug|Any CPU.ActiveCfg = Debug|Any CPU
		{86DF00FF-3A45-41C5-B70A-8F9A2419EC89}.Debug|Any CPU.Build.0 = Debug|Any CPU
		{86DF00FF-3A45-41C5-B70A-8F9A2419EC89}.Release|Any CPU.ActiveCfg = Release|Any CPU
		{86DF00FF-3A45-41C5-B70A-8F9A2419EC89}.Release|Any CPU.Build.0 = Release|Any CPU
		{F2A9EE0D-68C2-49F4-A133-06F34B016E9E}.Debug|Any CPU.ActiveCfg = Debug|Any CPU
		{F2A9EE0D-68C2-49F4-A133-06F34B016E9E}.Debug|Any CPU.Build.0 = Debug|Any CPU
		{F2A9EE0D-68C2-49F4-A133-06F34B016E9E}.Release|Any CPU.ActiveCfg = Release|Any CPU
		{F2A9EE0D-68C2-49F4-A133-06F34B016E9E}.Release|Any CPU.Build.0 = Release|Any CPU
		{77A262D9-B990-4CD3-A236-F7A214B69C89}.Debug|Any CPU.ActiveCfg = Debug|Any CPU
		{77A262D9-B990-4CD3-A236-F7A214B69C89}.Debug|Any CPU.Build.0 = Debug|Any CPU
		{77A262D9-B990-4CD3-A236-F7A214B69C89}.Release|Any CPU.ActiveCfg = Release|Any CPU
		{77A262D9-B990-4CD3-A236-F7A214B69C89}.Release|Any CPU.Build.0 = Release|Any CPU
		{D323DC44-A54A-439C-9DFC-BD8EB9C9ECF0}.Debug|Any CPU.ActiveCfg = Debug|Any CPU
		{D323DC44-A54A-439C-9DFC-BD8EB9C9ECF0}.Debug|Any CPU.Build.0 = Debug|Any CPU
		{D323DC44-A54A-439C-9DFC-BD8EB9C9ECF0}.Release|Any CPU.ActiveCfg = Release|Any CPU
		{D323DC44-A54A-439C-9DFC-BD8EB9C9ECF0}.Release|Any CPU.Build.0 = Release|Any CPU
		{71A608ED-DBDC-4002-8C6E-DB82E20A831F}.Debug|Any CPU.ActiveCfg = Debug|Any CPU
		{71A608ED-DBDC-4002-8C6E-DB82E20A831F}.Debug|Any CPU.Build.0 = Debug|Any CPU
		{71A608ED-DBDC-4002-8C6E-DB82E20A831F}.Release|Any CPU.ActiveCfg = Release|Any CPU
		{71A608ED-DBDC-4002-8C6E-DB82E20A831F}.Release|Any CPU.Build.0 = Release|Any CPU
		{014F0609-27E6-444C-9FCE-7B41873AF82E}.Debug|Any CPU.ActiveCfg = Debug|Any CPU
		{014F0609-27E6-444C-9FCE-7B41873AF82E}.Debug|Any CPU.Build.0 = Debug|Any CPU
		{014F0609-27E6-444C-9FCE-7B41873AF82E}.Release|Any CPU.ActiveCfg = Release|Any CPU
		{014F0609-27E6-444C-9FCE-7B41873AF82E}.Release|Any CPU.Build.0 = Release|Any CPU
		{BDE5FD36-D6DA-4A70-B994-C46A09E655BE}.Debug|Any CPU.ActiveCfg = Debug|Any CPU
		{BDE5FD36-D6DA-4A70-B994-C46A09E655BE}.Debug|Any CPU.Build.0 = Debug|Any CPU
		{BDE5FD36-D6DA-4A70-B994-C46A09E655BE}.Release|Any CPU.ActiveCfg = Release|Any CPU
		{BDE5FD36-D6DA-4A70-B994-C46A09E655BE}.Release|Any CPU.Build.0 = Release|Any CPU
		{C219A80D-4300-49B2-AB02-C6035D3AD6A8}.Debug|Any CPU.ActiveCfg = Debug|Any CPU
		{C219A80D-4300-49B2-AB02-C6035D3AD6A8}.Debug|Any CPU.Build.0 = Debug|Any CPU
		{C219A80D-4300-49B2-AB02-C6035D3AD6A8}.Release|Any CPU.ActiveCfg = Release|Any CPU
		{C219A80D-4300-49B2-AB02-C6035D3AD6A8}.Release|Any CPU.Build.0 = Release|Any CPU
		{1AD1A7BB-242C-469B-AB88-0816066D7C53}.Debug|Any CPU.ActiveCfg = Debug|Any CPU
		{1AD1A7BB-242C-469B-AB88-0816066D7C53}.Debug|Any CPU.Build.0 = Debug|Any CPU
		{1AD1A7BB-242C-469B-AB88-0816066D7C53}.Release|Any CPU.ActiveCfg = Release|Any CPU
		{1AD1A7BB-242C-469B-AB88-0816066D7C53}.Release|Any CPU.Build.0 = Release|Any CPU
		{B24B6089-E2FE-4FCA-84E7-D204712037C6}.Debug|Any CPU.ActiveCfg = Debug|Any CPU
		{B24B6089-E2FE-4FCA-84E7-D204712037C6}.Debug|Any CPU.Build.0 = Debug|Any CPU
		{B24B6089-E2FE-4FCA-84E7-D204712037C6}.Release|Any CPU.ActiveCfg = Release|Any CPU
		{B24B6089-E2FE-4FCA-84E7-D204712037C6}.Release|Any CPU.Build.0 = Release|Any CPU
		{8F8102E0-F4CC-4D27-9B64-C8A3CB94306C}.Debug|Any CPU.ActiveCfg = Debug|Any CPU
		{8F8102E0-F4CC-4D27-9B64-C8A3CB94306C}.Debug|Any CPU.Build.0 = Debug|Any CPU
		{8F8102E0-F4CC-4D27-9B64-C8A3CB94306C}.Release|Any CPU.ActiveCfg = Release|Any CPU
		{8F8102E0-F4CC-4D27-9B64-C8A3CB94306C}.Release|Any CPU.Build.0 = Release|Any CPU
		{4584EB74-A66F-4D6F-95B6-3DA343D578DC}.Debug|Any CPU.ActiveCfg = Debug|Any CPU
		{4584EB74-A66F-4D6F-95B6-3DA343D578DC}.Debug|Any CPU.Build.0 = Debug|Any CPU
		{4584EB74-A66F-4D6F-95B6-3DA343D578DC}.Release|Any CPU.ActiveCfg = Release|Any CPU
		{4584EB74-A66F-4D6F-95B6-3DA343D578DC}.Release|Any CPU.Build.0 = Release|Any CPU
		{990FB414-45D9-4024-8E6E-9D1ED6436D31}.Debug|Any CPU.ActiveCfg = Debug|Any CPU
		{990FB414-45D9-4024-8E6E-9D1ED6436D31}.Debug|Any CPU.Build.0 = Debug|Any CPU
		{990FB414-45D9-4024-8E6E-9D1ED6436D31}.Release|Any CPU.ActiveCfg = Release|Any CPU
		{990FB414-45D9-4024-8E6E-9D1ED6436D31}.Release|Any CPU.Build.0 = Release|Any CPU
		{0832CB7B-3147-4F8D-8767-84CBFEC5A9C7}.Debug|Any CPU.ActiveCfg = Debug|Any CPU
		{0832CB7B-3147-4F8D-8767-84CBFEC5A9C7}.Debug|Any CPU.Build.0 = Debug|Any CPU
		{0832CB7B-3147-4F8D-8767-84CBFEC5A9C7}.Release|Any CPU.ActiveCfg = Release|Any CPU
		{0832CB7B-3147-4F8D-8767-84CBFEC5A9C7}.Release|Any CPU.Build.0 = Release|Any CPU
		{753C5416-5DD2-4929-94B0-0DE910466F6C}.Debug|Any CPU.ActiveCfg = Debug|Any CPU
		{753C5416-5DD2-4929-94B0-0DE910466F6C}.Debug|Any CPU.Build.0 = Debug|Any CPU
		{753C5416-5DD2-4929-94B0-0DE910466F6C}.Release|Any CPU.ActiveCfg = Release|Any CPU
		{753C5416-5DD2-4929-94B0-0DE910466F6C}.Release|Any CPU.Build.0 = Release|Any CPU
		{9A88476A-0EFE-4463-88E2-9C5AC8F8FA8E}.Debug|Any CPU.ActiveCfg = Debug|Any CPU
		{9A88476A-0EFE-4463-88E2-9C5AC8F8FA8E}.Debug|Any CPU.Build.0 = Debug|Any CPU
		{9A88476A-0EFE-4463-88E2-9C5AC8F8FA8E}.Release|Any CPU.ActiveCfg = Release|Any CPU
		{9A88476A-0EFE-4463-88E2-9C5AC8F8FA8E}.Release|Any CPU.Build.0 = Release|Any CPU
		{12C1864C-7542-44CF-9097-EB13CD8EB372}.Debug|Any CPU.ActiveCfg = Debug|Any CPU
		{12C1864C-7542-44CF-9097-EB13CD8EB372}.Debug|Any CPU.Build.0 = Debug|Any CPU
		{12C1864C-7542-44CF-9097-EB13CD8EB372}.Release|Any CPU.ActiveCfg = Release|Any CPU
		{12C1864C-7542-44CF-9097-EB13CD8EB372}.Release|Any CPU.Build.0 = Release|Any CPU
		{65234951-D425-4959-AD7A-D01034662385}.Debug|Any CPU.ActiveCfg = Debug|Any CPU
		{65234951-D425-4959-AD7A-D01034662385}.Debug|Any CPU.Build.0 = Debug|Any CPU
		{65234951-D425-4959-AD7A-D01034662385}.Release|Any CPU.ActiveCfg = Release|Any CPU
		{65234951-D425-4959-AD7A-D01034662385}.Release|Any CPU.Build.0 = Release|Any CPU
		{184E62E5-4555-406E-8810-629D5BA8FCF5}.Debug|Any CPU.ActiveCfg = Debug|Any CPU
		{184E62E5-4555-406E-8810-629D5BA8FCF5}.Debug|Any CPU.Build.0 = Debug|Any CPU
		{184E62E5-4555-406E-8810-629D5BA8FCF5}.Release|Any CPU.ActiveCfg = Release|Any CPU
		{184E62E5-4555-406E-8810-629D5BA8FCF5}.Release|Any CPU.Build.0 = Release|Any CPU
	EndGlobalSection
EndGlobal
