
Microsoft Visual Studio Solution File, Format Version 12.00
Project("{2150E333-8FDC-42A3-9474-1A3956D46DE8}") = "Atlantis.Login", "Atlantis.Login", "{624F00AC-5FF5-451F-98A5-3428B53155B3}"
EndProject
Project("{FAE04EC0-301F-11D3-BF4B-00C04F79EFBC}") = "Atlantis.Login", "Atlantis.Login\Atlantis.Login.csproj", "{FAAD57EB-8C24-4F8C-9A67-FFFEF7803246}"
EndProject
Project("{2150E333-8FDC-42A3-9474-1A3956D46DE8}") = "Atlantis.Register", "Atlantis.Register", "{1BE1EDD2-6730-41AA-BB18-A87872A3C168}"
EndProject
Project("{FAE04EC0-301F-11D3-BF4B-00C04F79EFBC}") = "Atlantis.Register", "Atlantis.Register\Atlantis.Register.csproj", "{1C350F04-FC1F-4C82-BFE1-36182042AA40}"
EndProject
Project("{2150E333-8FDC-42A3-9474-1A3956D46DE8}") = "Atlantis.Server", "Atlantis.Server", "{59A0E3A4-120A-4F91-808A-F0EEBDAB94E4}"
EndProject
Project("{FAE04EC0-301F-11D3-BF4B-00C04F79EFBC}") = "Atlantis.Server", "Atlantis.Server\Atlantis.Server.csproj", "{3893FAEF-7F14-4B95-9982-BA10BFD8D89C}"
EndProject
Project("{2150E333-8FDC-42A3-9474-1A3956D46DE8}") = "Atlantis.Integration", "Atlantis.Integration", "{AED564A6-BE2E-4193-894D-2F7B43C9052F}"
EndProject
Project("{FAE04EC0-301F-11D3-BF4B-00C04F79EFBC}") = "Atlantis.Integration", "Atlantis.Integration\Atlantis.Integration.csproj", "{7CE84D4E-2A5E-48CB-8044-B917C55AC985}"
EndProject
Project("{2150E333-8FDC-42A3-9474-1A3956D46DE8}") = "Atlantis.GameInfo", "Atlantis.GameInfo", "{D99CF192-4ACB-4785-A73D-26E9BABAA546}"
EndProject
Project("{FAE04EC0-301F-11D3-BF4B-00C04F79EFBC}") = "Atlantis.GameInfo", "Atlantis.GameInfo\Atlantis.GameInfo.csproj", "{B04644C6-7B13-44F6-84A0-BE326B05BDAF}"
EndProject
Project("{2150E333-8FDC-42A3-9474-1A3956D46DE8}") = "Solution Items", "Solution Items", "{A401A083-DFB5-4FE7-AE92-53922EE7FB6C}"
	ProjectSection(SolutionItems) = preProject
		docker-compose.yml = docker-compose.yml
	EndProjectSection
EndProject
Project("{2150E333-8FDC-42A3-9474-1A3956D46DE8}") = "Atlantis.Data", "Atlantis.Data", "{3290A374-E200-49C1-9834-6340C569B9A4}"
EndProject
Project("{FAE04EC0-301F-11D3-BF4B-00C04F79EFBC}") = "Atlantis.Data", "Atlantis.Data\Atlantis.Data.csproj", "{79CD72CD-68C5-44C7-A5B2-7B5F0B06EDD2}"
EndProject
Project("{2150E333-8FDC-42A3-9474-1A3956D46DE8}") = "Atlantis.Wallets", "Atlantis.Wallets", "{E22DAF02-3293-4B74-8039-D828018502FA}"
EndProject
Project("{FAE04EC0-301F-11D3-BF4B-00C04F79EFBC}") = "Atlantis.Wallets", "Atlantis.Wallets\Atlantis.Wallets.csproj", "{2E33C103-021F-4579-BC7B-E22A8A2B1F9B}"
EndProject
Project("{2150E333-8FDC-42A3-9474-1A3956D46DE8}") = "AtlantisWallet.Data", "AtlantisWallet.Data", "{BDF35B1A-EFA6-4E1A-86FB-1FD87F1EB399}"
EndProject
Project("{FAE04EC0-301F-11D3-BF4B-00C04F79EFBC}") = "AtlantisWallet.Data", "AtlantisWallet.Data\AtlantisWallet.Data.csproj", "{F3485868-3CAD-425C-9492-4F648061005C}"
EndProject
Global
	GlobalSection(SolutionConfigurationPlatforms) = preSolution
		Debug|Any CPU = Debug|Any CPU
		Release|Any CPU = Release|Any CPU
	EndGlobalSection
	GlobalSection(NestedProjects) = preSolution
		{FAAD57EB-8C24-4F8C-9A67-FFFEF7803246} = {624F00AC-5FF5-451F-98A5-3428B53155B3}
		{1C350F04-FC1F-4C82-BFE1-36182042AA40} = {1BE1EDD2-6730-41AA-BB18-A87872A3C168}
		{3893FAEF-7F14-4B95-9982-BA10BFD8D89C} = {59A0E3A4-120A-4F91-808A-F0EEBDAB94E4}
		{7CE84D4E-2A5E-48CB-8044-B917C55AC985} = {AED564A6-BE2E-4193-894D-2F7B43C9052F}
		{B04644C6-7B13-44F6-84A0-BE326B05BDAF} = {D99CF192-4ACB-4785-A73D-26E9BABAA546}
		{79CD72CD-68C5-44C7-A5B2-7B5F0B06EDD2} = {3290A374-E200-49C1-9834-6340C569B9A4}
		{2E33C103-021F-4579-BC7B-E22A8A2B1F9B} = {E22DAF02-3293-4B74-8039-D828018502FA}
		{F3485868-3CAD-425C-9492-4F648061005C} = {BDF35B1A-EFA6-4E1A-86FB-1FD87F1EB399}
	EndGlobalSection
	GlobalSection(ProjectConfigurationPlatforms) = postSolution
		{FAAD57EB-8C24-4F8C-9A67-FFFEF7803246}.Debug|Any CPU.ActiveCfg = Debug|Any CPU
		{FAAD57EB-8C24-4F8C-9A67-FFFEF7803246}.Debug|Any CPU.Build.0 = Debug|Any CPU
		{FAAD57EB-8C24-4F8C-9A67-FFFEF7803246}.Release|Any CPU.ActiveCfg = Release|Any CPU
		{FAAD57EB-8C24-4F8C-9A67-FFFEF7803246}.Release|Any CPU.Build.0 = Release|Any CPU
		{1C350F04-FC1F-4C82-BFE1-36182042AA40}.Debug|Any CPU.ActiveCfg = Debug|Any CPU
		{1C350F04-FC1F-4C82-BFE1-36182042AA40}.Debug|Any CPU.Build.0 = Debug|Any CPU
		{1C350F04-FC1F-4C82-BFE1-36182042AA40}.Release|Any CPU.ActiveCfg = Release|Any CPU
		{1C350F04-FC1F-4C82-BFE1-36182042AA40}.Release|Any CPU.Build.0 = Release|Any CPU
		{3893FAEF-7F14-4B95-9982-BA10BFD8D89C}.Debug|Any CPU.ActiveCfg = Debug|Any CPU
		{3893FAEF-7F14-4B95-9982-BA10BFD8D89C}.Debug|Any CPU.Build.0 = Debug|Any CPU
		{3893FAEF-7F14-4B95-9982-BA10BFD8D89C}.Release|Any CPU.ActiveCfg = Release|Any CPU
		{3893FAEF-7F14-4B95-9982-BA10BFD8D89C}.Release|Any CPU.Build.0 = Release|Any CPU
		{7CE84D4E-2A5E-48CB-8044-B917C55AC985}.Debug|Any CPU.ActiveCfg = Debug|Any CPU
		{7CE84D4E-2A5E-48CB-8044-B917C55AC985}.Debug|Any CPU.Build.0 = Debug|Any CPU
		{7CE84D4E-2A5E-48CB-8044-B917C55AC985}.Release|Any CPU.ActiveCfg = Release|Any CPU
		{7CE84D4E-2A5E-48CB-8044-B917C55AC985}.Release|Any CPU.Build.0 = Release|Any CPU
		{B04644C6-7B13-44F6-84A0-BE326B05BDAF}.Debug|Any CPU.ActiveCfg = Debug|Any CPU
		{B04644C6-7B13-44F6-84A0-BE326B05BDAF}.Debug|Any CPU.Build.0 = Debug|Any CPU
		{B04644C6-7B13-44F6-84A0-BE326B05BDAF}.Release|Any CPU.ActiveCfg = Release|Any CPU
		{B04644C6-7B13-44F6-84A0-BE326B05BDAF}.Release|Any CPU.Build.0 = Release|Any CPU
		{79CD72CD-68C5-44C7-A5B2-7B5F0B06EDD2}.Debug|Any CPU.ActiveCfg = Debug|Any CPU
		{79CD72CD-68C5-44C7-A5B2-7B5F0B06EDD2}.Debug|Any CPU.Build.0 = Debug|Any CPU
		{79CD72CD-68C5-44C7-A5B2-7B5F0B06EDD2}.Release|Any CPU.ActiveCfg = Release|Any CPU
		{79CD72CD-68C5-44C7-A5B2-7B5F0B06EDD2}.Release|Any CPU.Build.0 = Release|Any CPU
		{2E33C103-021F-4579-BC7B-E22A8A2B1F9B}.Debug|Any CPU.ActiveCfg = Debug|Any CPU
		{2E33C103-021F-4579-BC7B-E22A8A2B1F9B}.Debug|Any CPU.Build.0 = Debug|Any CPU
		{2E33C103-021F-4579-BC7B-E22A8A2B1F9B}.Release|Any CPU.ActiveCfg = Release|Any CPU
		{2E33C103-021F-4579-BC7B-E22A8A2B1F9B}.Release|Any CPU.Build.0 = Release|Any CPU
		{F3485868-3CAD-425C-9492-4F648061005C}.Debug|Any CPU.ActiveCfg = Debug|Any CPU
		{F3485868-3CAD-425C-9492-4F648061005C}.Debug|Any CPU.Build.0 = Debug|Any CPU
		{F3485868-3CAD-425C-9492-4F648061005C}.Release|Any CPU.ActiveCfg = Release|Any CPU
		{F3485868-3CAD-425C-9492-4F648061005C}.Release|Any CPU.Build.0 = Release|Any CPU
	EndGlobalSection
EndGlobal
