
Microsoft Visual Studio Solution File, Format Version 12.00
Project("{FAE04EC0-301F-11D3-BF4B-00C04F79EFBC}") = "Fuse.Data", "Fuse.Data\Fuse.Data.csproj", "{CDDBDEF9-9FFB-4E2B-A00D-741A23E13598}"
EndProject
Project("{FAE04EC0-301F-11D3-BF4B-00C04F79EFBC}") = "Fuse.Application", "Fuse.Application\Fuse.Application.csproj", "{70AE3780-7ECD-4066-846B-904043BC5DEE}"
EndProject
Global
	GlobalSection(SolutionConfigurationPlatforms) = preSolution
		Debug|Any CPU = Debug|Any CPU
		Release|Any CPU = Release|Any CPU
	EndGlobalSection
	GlobalSection(ProjectConfigurationPlatforms) = postSolution
		{CDDBDEF9-9FFB-4E2B-A00D-741A23E13598}.Debug|Any CPU.ActiveCfg = Debug|Any CPU
		{CDDBDEF9-9FFB-4E2B-A00D-741A23E13598}.Debug|Any CPU.Build.0 = Debug|Any CPU
		{CDDBDEF9-9FFB-4E2B-A00D-741A23E13598}.Release|Any CPU.ActiveCfg = Release|Any CPU
		{CDDBDEF9-9FFB-4E2B-A00D-741A23E13598}.Release|Any CPU.Build.0 = Release|Any CPU
		{70AE3780-7ECD-4066-846B-904043BC5DEE}.Debug|Any CPU.ActiveCfg = Debug|Any CPU
		{70AE3780-7ECD-4066-846B-904043BC5DEE}.Debug|Any CPU.Build.0 = Debug|Any CPU
		{70AE3780-7ECD-4066-846B-904043BC5DEE}.Release|Any CPU.ActiveCfg = Release|Any CPU
		{70AE3780-7ECD-4066-846B-904043BC5DEE}.Release|Any CPU.Build.0 = Release|Any CPU
	EndGlobalSection
EndGlobal
