
Microsoft Visual Studio Solution File, Format Version 12.00
Project("{2150E333-8FDC-42A3-9474-1A3956D46DE8}") = "FuseX.Interfaces", "FuseX.Interfaces", "{2306EC3D-718F-417C-8289-EB814E19B8C5}"
EndProject
Project("{2150E333-8FDC-42A3-9474-1A3956D46DE8}") = "FuseX.Dao", "FuseX.Dao", "{6D10B241-1DC9-4CCF-BA61-88521829345F}"
EndProject
Project("{2150E333-8FDC-42A3-9474-1A3956D46DE8}") = "FuseX.Core", "FuseX.Core", "{6D94FB49-80E7-4256-A51C-E1F0B3497EE2}"
EndProject
Project("{2150E333-8FDC-42A3-9474-1A3956D46DE8}") = "FuseX.Bean", "FuseX.Bean", "{D2DDC70E-E6D1-4F7B-A0F2-8C833222047D}"
EndProject
Project("{2150E333-8FDC-42A3-9474-1A3956D46DE8}") = "FuseX.Data", "FuseX.Data", "{4E0E32ED-E778-4283-9B5F-A1BBA615C8A8}"
EndProject
Project("{FAE04EC0-301F-11D3-BF4B-00C04F79EFBC}") = "Core", "Core\Core.csproj", "{7242DB2A-753A-436F-87BF-D023A6DDBBE3}"
EndProject
Project("{FAE04EC0-301F-11D3-BF4B-00C04F79EFBC}") = "Bean", "Bean\Bean.csproj", "{190ABAB6-30AC-43E5-A066-47FF843231CD}"
EndProject
Project("{FAE04EC0-301F-11D3-BF4B-00C04F79EFBC}") = "Dao", "Dao\Dao.csproj", "{60AFCE4E-836C-47FF-AEB2-5211CFBD5C9D}"
EndProject
Project("{FAE04EC0-301F-11D3-BF4B-00C04F79EFBC}") = "Data", "Data\Data.csproj", "{F1594E79-30ED-4653-A03E-474E15FBAFAF}"
EndProject
Project("{FAE04EC0-301F-11D3-BF4B-00C04F79EFBC}") = "Interfaces", "Interfaces\Interfaces.csproj", "{B04F6DAF-03BE-43EE-9680-43DDED40BA81}"
EndProject
Project("{2150E333-8FDC-42A3-9474-1A3956D46DE8}") = "FuseX.Libs", "FuseX.Libs", "{F69D5C2B-3C2E-4DFD-8EDC-CD63B922CACB}"
EndProject
Project("{FAE04EC0-301F-11D3-BF4B-00C04F79EFBC}") = "Libs", "Libs\Libs.csproj", "{47D32E2E-2D7F-4FCC-B956-E5A885EB38BC}"
EndProject
Project("{2150E333-8FDC-42A3-9474-1A3956D46DE8}") = "FuseX.Init", "FuseX.Init", "{6EC3BD17-A2C2-4F38-8CA1-71B74286B272}"
EndProject
Project("{FAE04EC0-301F-11D3-BF4B-00C04F79EFBC}") = "Init", "Init\Init.csproj", "{B94B2BDB-28E2-4B8E-94EB-B0FCF8994736}"
EndProject
Project("{2150E333-8FDC-42A3-9474-1A3956D46DE8}") = "FuseX.API", "FuseX.API", "{B8059E19-A1CD-4862-8615-1D5845A48A12}"
EndProject
Project("{FAE04EC0-301F-11D3-BF4B-00C04F79EFBC}") = "Api", "Api\Api.csproj", "{905E27AC-6486-449A-ACCF-2DF9C56B7F3C}"
EndProject
Global
	GlobalSection(SolutionConfigurationPlatforms) = preSolution
		Debug|Any CPU = Debug|Any CPU
		Release|Any CPU = Release|Any CPU
	EndGlobalSection
	GlobalSection(NestedProjects) = preSolution
		{7242DB2A-753A-436F-87BF-D023A6DDBBE3} = {6D94FB49-80E7-4256-A51C-E1F0B3497EE2}
		{190ABAB6-30AC-43E5-A066-47FF843231CD} = {D2DDC70E-E6D1-4F7B-A0F2-8C833222047D}
		{60AFCE4E-836C-47FF-AEB2-5211CFBD5C9D} = {6D10B241-1DC9-4CCF-BA61-88521829345F}
		{F1594E79-30ED-4653-A03E-474E15FBAFAF} = {4E0E32ED-E778-4283-9B5F-A1BBA615C8A8}
		{B04F6DAF-03BE-43EE-9680-43DDED40BA81} = {2306EC3D-718F-417C-8289-EB814E19B8C5}
		{47D32E2E-2D7F-4FCC-B956-E5A885EB38BC} = {F69D5C2B-3C2E-4DFD-8EDC-CD63B922CACB}
		{B94B2BDB-28E2-4B8E-94EB-B0FCF8994736} = {6EC3BD17-A2C2-4F38-8CA1-71B74286B272}
		{905E27AC-6486-449A-ACCF-2DF9C56B7F3C} = {B8059E19-A1CD-4862-8615-1D5845A48A12}
	EndGlobalSection
	GlobalSection(ProjectConfigurationPlatforms) = postSolution
		{7242DB2A-753A-436F-87BF-D023A6DDBBE3}.Debug|Any CPU.ActiveCfg = Debug|Any CPU
		{7242DB2A-753A-436F-87BF-D023A6DDBBE3}.Debug|Any CPU.Build.0 = Debug|Any CPU
		{7242DB2A-753A-436F-87BF-D023A6DDBBE3}.Release|Any CPU.ActiveCfg = Release|Any CPU
		{7242DB2A-753A-436F-87BF-D023A6DDBBE3}.Release|Any CPU.Build.0 = Release|Any CPU
		{190ABAB6-30AC-43E5-A066-47FF843231CD}.Debug|Any CPU.ActiveCfg = Debug|Any CPU
		{190ABAB6-30AC-43E5-A066-47FF843231CD}.Debug|Any CPU.Build.0 = Debug|Any CPU
		{190ABAB6-30AC-43E5-A066-47FF843231CD}.Release|Any CPU.ActiveCfg = Release|Any CPU
		{190ABAB6-30AC-43E5-A066-47FF843231CD}.Release|Any CPU.Build.0 = Release|Any CPU
		{60AFCE4E-836C-47FF-AEB2-5211CFBD5C9D}.Debug|Any CPU.ActiveCfg = Debug|Any CPU
		{60AFCE4E-836C-47FF-AEB2-5211CFBD5C9D}.Debug|Any CPU.Build.0 = Debug|Any CPU
		{60AFCE4E-836C-47FF-AEB2-5211CFBD5C9D}.Release|Any CPU.ActiveCfg = Release|Any CPU
		{60AFCE4E-836C-47FF-AEB2-5211CFBD5C9D}.Release|Any CPU.Build.0 = Release|Any CPU
		{F1594E79-30ED-4653-A03E-474E15FBAFAF}.Debug|Any CPU.ActiveCfg = Debug|Any CPU
		{F1594E79-30ED-4653-A03E-474E15FBAFAF}.Debug|Any CPU.Build.0 = Debug|Any CPU
		{F1594E79-30ED-4653-A03E-474E15FBAFAF}.Release|Any CPU.ActiveCfg = Release|Any CPU
		{F1594E79-30ED-4653-A03E-474E15FBAFAF}.Release|Any CPU.Build.0 = Release|Any CPU
		{B04F6DAF-03BE-43EE-9680-43DDED40BA81}.Debug|Any CPU.ActiveCfg = Debug|Any CPU
		{B04F6DAF-03BE-43EE-9680-43DDED40BA81}.Debug|Any CPU.Build.0 = Debug|Any CPU
		{B04F6DAF-03BE-43EE-9680-43DDED40BA81}.Release|Any CPU.ActiveCfg = Release|Any CPU
		{B04F6DAF-03BE-43EE-9680-43DDED40BA81}.Release|Any CPU.Build.0 = Release|Any CPU
		{47D32E2E-2D7F-4FCC-B956-E5A885EB38BC}.Debug|Any CPU.ActiveCfg = Debug|Any CPU
		{47D32E2E-2D7F-4FCC-B956-E5A885EB38BC}.Debug|Any CPU.Build.0 = Debug|Any CPU
		{47D32E2E-2D7F-4FCC-B956-E5A885EB38BC}.Release|Any CPU.ActiveCfg = Release|Any CPU
		{47D32E2E-2D7F-4FCC-B956-E5A885EB38BC}.Release|Any CPU.Build.0 = Release|Any CPU
		{B94B2BDB-28E2-4B8E-94EB-B0FCF8994736}.Debug|Any CPU.ActiveCfg = Debug|Any CPU
		{B94B2BDB-28E2-4B8E-94EB-B0FCF8994736}.Debug|Any CPU.Build.0 = Debug|Any CPU
		{B94B2BDB-28E2-4B8E-94EB-B0FCF8994736}.Release|Any CPU.ActiveCfg = Release|Any CPU
		{B94B2BDB-28E2-4B8E-94EB-B0FCF8994736}.Release|Any CPU.Build.0 = Release|Any CPU
		{905E27AC-6486-449A-ACCF-2DF9C56B7F3C}.Debug|Any CPU.ActiveCfg = Debug|Any CPU
		{905E27AC-6486-449A-ACCF-2DF9C56B7F3C}.Debug|Any CPU.Build.0 = Debug|Any CPU
		{905E27AC-6486-449A-ACCF-2DF9C56B7F3C}.Release|Any CPU.ActiveCfg = Release|Any CPU
		{905E27AC-6486-449A-ACCF-2DF9C56B7F3C}.Release|Any CPU.Build.0 = Release|Any CPU
	EndGlobalSection
EndGlobal
