
Microsoft Visual Studio Solution File, Format Version 12.00
# Visual Studio Version 17
VisualStudioVersion = 17.8.34330.188
MinimumVisualStudioVersion = 10.0.40219.1
Project("{9A19103F-16F7-4668-BE54-9A1E7A4F7556}") = "P2PokerAPI", "P2PokerAPI\P2PokerAPI.csproj", "{E8D67431-15F0-4317-99BD-D265A3464639}"
EndProject
Project("{9A19103F-16F7-4668-BE54-9A1E7A4F7556}") = "PeerFuseAPI", "PeerFuseAPI\PeerFuseAPI.csproj", "{62DEDDEC-0B4F-4ACC-BBA1-77080A68C910}"
EndProject
Project("{2150E333-8FDC-42A3-9474-1A3956D46DE8}") = "APIs", "APIs", "{7CA86D15-7746-47C9-AFCB-6089BA7BE1B4}"
EndProject
Project("{2150E333-8FDC-42A3-9474-1A3956D46DE8}") = "Libs", "Libs", "{3876267E-0B26-47BA-B421-C7B03F74098C}"
EndProject
Project("{9A19103F-16F7-4668-BE54-9A1E7A4F7556}") = "GameHubAPI", "GameHubAPI\GameHubAPI.csproj", "{CAD6FCBE-C83E-4DA1-AA4A-05AFF5DB4BE5}"
EndProject
Project("{9A19103F-16F7-4668-BE54-9A1E7A4F7556}") = "GameHub", "GameHub\GameHub.csproj", "{F922F0D3-15CE-490E-A24A-2ECDBC555030}"
EndProject
Project("{9A19103F-16F7-4668-BE54-9A1E7A4F7556}") = "PeerFuse", "PeerFuse\PeerFuse.csproj", "{572336CA-B132-46F8-BCCD-5A6EC4C7D9D5}"
EndProject
Project("{9A19103F-16F7-4668-BE54-9A1E7A4F7556}") = "P2Poker", "P2Poker\P2Poker.csproj", "{3FA85064-0CDC-438B-86D9-310381B0D6AC}"
EndProject
Project("{2150E333-8FDC-42A3-9474-1A3956D46DE8}") = "Core", "Core", "{15BE227D-D991-4F1A-A6A2-E90FF8BCE892}"
EndProject
Project("{2150E333-8FDC-42A3-9474-1A3956D46DE8}") = "Bean", "Bean", "{939A9E40-8B7F-45A9-AE0A-DFAF5A148613}"
EndProject
Project("{2150E333-8FDC-42A3-9474-1A3956D46DE8}") = "DAO", "DAO", "{355250F2-4B88-4194-A213-56D00D01D875}"
EndProject
Project("{FAE04EC0-301F-11D3-BF4B-00C04F79EFBC}") = "GameHubDAO", "GameHubDAO\GameHubDAO.csproj", "{7B9DB377-9B9F-4F57-B24F-CA73D03B79E5}"
EndProject
Project("{FAE04EC0-301F-11D3-BF4B-00C04F79EFBC}") = "P2PokerDAO", "P2PokerDAO\P2PokerDAO.csproj", "{D6B6F376-6F0B-4106-8A4F-CAC1CC1023CF}"
EndProject
Project("{FAE04EC0-301F-11D3-BF4B-00C04F79EFBC}") = "PeerFuseDAO", "PeerFuseDAO\PeerFuseDAO.csproj", "{69BF8FFA-DD1B-4AB2-A8B0-7B4CABD92720}"
EndProject
Project("{FAE04EC0-301F-11D3-BF4B-00C04F79EFBC}") = "GameHubCore", "GameHubCore\GameHubCore.csproj", "{72A9387A-D567-44F7-89F8-2F0EA67FB9D8}"
EndProject
Project("{FAE04EC0-301F-11D3-BF4B-00C04F79EFBC}") = "P2PokerCore", "P2PokerCore\P2PokerCore.csproj", "{02D43B1A-A90B-4BCF-8353-DDD3C8FDAA3F}"
EndProject
Project("{FAE04EC0-301F-11D3-BF4B-00C04F79EFBC}") = "PeerFuseCore", "PeerFuseCore\PeerFuseCore.csproj", "{21D69560-D28A-4ED2-87BF-3AF17B46B3BD}"
EndProject
Project("{FAE04EC0-301F-11D3-BF4B-00C04F79EFBC}") = "GameHubBean", "GameHubBean\GameHubBean.csproj", "{4CCA81F7-487D-4886-AB64-5C633913057F}"
EndProject
Project("{FAE04EC0-301F-11D3-BF4B-00C04F79EFBC}") = "PeerFuseBean", "PeerFuseBean\PeerFuseBean.csproj", "{0B9CA8E4-0298-4845-A54A-C5A33CF75202}"
EndProject
Project("{FAE04EC0-301F-11D3-BF4B-00C04F79EFBC}") = "P2PokerBean", "P2PokerBean\P2PokerBean.csproj", "{08627E3F-9374-4CF2-8FA0-2EC8CB4AD31B}"
EndProject
Project("{2150E333-8FDC-42A3-9474-1A3956D46DE8}") = "Interfaces", "Interfaces", "{1A85AAE5-A7E1-4E6B-BDDF-EACCBDF1A492}"
EndProject
Project("{FAE04EC0-301F-11D3-BF4B-00C04F79EFBC}") = "GameHubInterface", "GameHubInterface\GameHubInterface.csproj", "{66427EF2-52EA-418D-9DC6-E8A5CFD32A04}"
EndProject
Project("{FAE04EC0-301F-11D3-BF4B-00C04F79EFBC}") = "P2pokerInterface", "P2pokerInterface\P2pokerInterface.csproj", "{DBD30AD0-9A29-4E02-99B4-E3BFB1FFE929}"
EndProject
Project("{FAE04EC0-301F-11D3-BF4B-00C04F79EFBC}") = "PeerFuseInterface", "PeerFuseInterface\PeerFuseInterface.csproj", "{28D54B71-53FF-4C4E-88B7-744D7B2B2AFF}"
EndProject
Project("{2150E333-8FDC-42A3-9474-1A3956D46DE8}") = "Context", "Context", "{D5C1DABC-5673-4123-A7CA-76134E4B23EC}"
EndProject
Project("{FAE04EC0-301F-11D3-BF4B-00C04F79EFBC}") = "GameHubContext", "GameHubContext\GameHubContext.csproj", "{858F77D8-28BB-4063-85FC-B3ADB148D9FB}"
EndProject
Project("{FAE04EC0-301F-11D3-BF4B-00C04F79EFBC}") = "P2PokerContext", "P2PokerContext\P2PokerContext.csproj", "{218F4FDA-503E-4F5A-BD9D-2391A4F52C17}"
EndProject
Project("{FAE04EC0-301F-11D3-BF4B-00C04F79EFBC}") = "PeerFuseContext", "PeerFuseContext\PeerFuseContext.csproj", "{EEC29CC9-78C4-4FD5-9310-F76F44E16183}"
EndProject
Project("{2150E333-8FDC-42A3-9474-1A3956D46DE8}") = "Applications", "Applications", "{655E4BED-639D-4B5D-B2C1-207226D2CC8B}"
EndProject
Project("{FAE04EC0-301F-11D3-BF4B-00C04F79EFBC}") = "GameHubApplication", "GameHubApplication\GameHubApplication.csproj", "{54DE7280-BFD4-4774-9BB7-CFB5E250151F}"
EndProject
Project("{2150E333-8FDC-42A3-9474-1A3956D46DE8}") = "Enums", "Enums", "{D151B3A7-8B08-49D5-A8C9-24AF63D1627A}"
EndProject
Project("{FAE04EC0-301F-11D3-BF4B-00C04F79EFBC}") = "P2PokerEnums", "P2PokerEnums\P2PokerEnums.csproj", "{856CC064-62C0-403E-8EE6-D9796DA67041}"
EndProject
Project("{2150E333-8FDC-42A3-9474-1A3956D46DE8}") = "Entitys", "Entitys", "{82BD1967-C980-494B-8E4B-D80BE000284C}"
EndProject
Project("{FAE04EC0-301F-11D3-BF4B-00C04F79EFBC}") = "P2PokerEntitys", "P2PokerEntitys\P2PokerEntitys.csproj", "{CE8E5EBD-1F47-45DA-83A8-87EE8335D317}"
EndProject
Project("{2150E333-8FDC-42A3-9474-1A3956D46DE8}") = "Structs", "Structs", "{BF3269C0-A78F-4450-B36B-4DBA0613B1FE}"
EndProject
Project("{FAE04EC0-301F-11D3-BF4B-00C04F79EFBC}") = "P2PokerStruct", "P2PokerStruct\P2PokerStruct.csproj", "{8ABE1BC4-0011-4897-9D11-04C827D7294D}"
EndProject
Project("{2150E333-8FDC-42A3-9474-1A3956D46DE8}") = "Repository", "Repository", "{BBA99AE6-5C95-443B-9432-4E0864A0EC6A}"
EndProject
Project("{FAE04EC0-301F-11D3-BF4B-00C04F79EFBC}") = "P2PokerRepository", "P2PokerRepository\P2PokerRepository.csproj", "{F403FB91-F1E0-42F0-A072-648BC326A03B}"
EndProject
Project("{2150E333-8FDC-42A3-9474-1A3956D46DE8}") = "Exceptions", "Exceptions", "{00BFD150-76F7-405C-BE0E-F9E876FEA4F8}"
EndProject
Project("{FAE04EC0-301F-11D3-BF4B-00C04F79EFBC}") = "P2PokerExceptions", "P2PokerExceptions\P2PokerExceptions.csproj", "{965D7767-C92A-4CAE-8FA8-E5AF527494E4}"
EndProject
Project("{2150E333-8FDC-42A3-9474-1A3956D46DE8}") = "abstracts", "abstracts", "{58EE10CC-624B-434B-9FF9-EFA68336BB90}"
EndProject
Project("{FAE04EC0-301F-11D3-BF4B-00C04F79EFBC}") = "P2PokerAbstracts", "P2PokerAbstracts\P2PokerAbstracts.csproj", "{51053946-6B73-4EAD-9195-81C8BF757CBB}"
EndProject
Project("{2150E333-8FDC-42A3-9474-1A3956D46DE8}") = "Singletons", "Singletons", "{D5B582B2-CCD3-4DBF-BDF4-BDF0B2BEEE7F}"
EndProject
Project("{FAE04EC0-301F-11D3-BF4B-00C04F79EFBC}") = "P2PokerSingleton", "P2PokerSingleton\P2PokerSingleton.csproj", "{340B96FD-1591-4D9E-A28D-1495F6D92540}"
EndProject
Global
	GlobalSection(SolutionConfigurationPlatforms) = preSolution
		Debug|Any CPU = Debug|Any CPU
		Release|Any CPU = Release|Any CPU
	EndGlobalSection
	GlobalSection(ProjectConfigurationPlatforms) = postSolution
		{E8D67431-15F0-4317-99BD-D265A3464639}.Debug|Any CPU.ActiveCfg = Debug|Any CPU
		{E8D67431-15F0-4317-99BD-D265A3464639}.Debug|Any CPU.Build.0 = Debug|Any CPU
		{E8D67431-15F0-4317-99BD-D265A3464639}.Release|Any CPU.ActiveCfg = Release|Any CPU
		{E8D67431-15F0-4317-99BD-D265A3464639}.Release|Any CPU.Build.0 = Release|Any CPU
		{62DEDDEC-0B4F-4ACC-BBA1-77080A68C910}.Debug|Any CPU.ActiveCfg = Debug|Any CPU
		{62DEDDEC-0B4F-4ACC-BBA1-77080A68C910}.Debug|Any CPU.Build.0 = Debug|Any CPU
		{62DEDDEC-0B4F-4ACC-BBA1-77080A68C910}.Release|Any CPU.ActiveCfg = Release|Any CPU
		{62DEDDEC-0B4F-4ACC-BBA1-77080A68C910}.Release|Any CPU.Build.0 = Release|Any CPU
		{CAD6FCBE-C83E-4DA1-AA4A-05AFF5DB4BE5}.Debug|Any CPU.ActiveCfg = Debug|Any CPU
		{CAD6FCBE-C83E-4DA1-AA4A-05AFF5DB4BE5}.Debug|Any CPU.Build.0 = Debug|Any CPU
		{CAD6FCBE-C83E-4DA1-AA4A-05AFF5DB4BE5}.Release|Any CPU.ActiveCfg = Release|Any CPU
		{CAD6FCBE-C83E-4DA1-AA4A-05AFF5DB4BE5}.Release|Any CPU.Build.0 = Release|Any CPU
		{F922F0D3-15CE-490E-A24A-2ECDBC555030}.Debug|Any CPU.ActiveCfg = Debug|Any CPU
		{F922F0D3-15CE-490E-A24A-2ECDBC555030}.Debug|Any CPU.Build.0 = Debug|Any CPU
		{F922F0D3-15CE-490E-A24A-2ECDBC555030}.Release|Any CPU.ActiveCfg = Release|Any CPU
		{F922F0D3-15CE-490E-A24A-2ECDBC555030}.Release|Any CPU.Build.0 = Release|Any CPU
		{572336CA-B132-46F8-BCCD-5A6EC4C7D9D5}.Debug|Any CPU.ActiveCfg = Debug|Any CPU
		{572336CA-B132-46F8-BCCD-5A6EC4C7D9D5}.Debug|Any CPU.Build.0 = Debug|Any CPU
		{572336CA-B132-46F8-BCCD-5A6EC4C7D9D5}.Release|Any CPU.ActiveCfg = Release|Any CPU
		{572336CA-B132-46F8-BCCD-5A6EC4C7D9D5}.Release|Any CPU.Build.0 = Release|Any CPU
		{3FA85064-0CDC-438B-86D9-310381B0D6AC}.Debug|Any CPU.ActiveCfg = Debug|Any CPU
		{3FA85064-0CDC-438B-86D9-310381B0D6AC}.Debug|Any CPU.Build.0 = Debug|Any CPU
		{3FA85064-0CDC-438B-86D9-310381B0D6AC}.Release|Any CPU.ActiveCfg = Release|Any CPU
		{3FA85064-0CDC-438B-86D9-310381B0D6AC}.Release|Any CPU.Build.0 = Release|Any CPU
		{7B9DB377-9B9F-4F57-B24F-CA73D03B79E5}.Debug|Any CPU.ActiveCfg = Debug|Any CPU
		{7B9DB377-9B9F-4F57-B24F-CA73D03B79E5}.Debug|Any CPU.Build.0 = Debug|Any CPU
		{7B9DB377-9B9F-4F57-B24F-CA73D03B79E5}.Release|Any CPU.ActiveCfg = Release|Any CPU
		{7B9DB377-9B9F-4F57-B24F-CA73D03B79E5}.Release|Any CPU.Build.0 = Release|Any CPU
		{D6B6F376-6F0B-4106-8A4F-CAC1CC1023CF}.Debug|Any CPU.ActiveCfg = Debug|Any CPU
		{D6B6F376-6F0B-4106-8A4F-CAC1CC1023CF}.Debug|Any CPU.Build.0 = Debug|Any CPU
		{D6B6F376-6F0B-4106-8A4F-CAC1CC1023CF}.Release|Any CPU.ActiveCfg = Release|Any CPU
		{D6B6F376-6F0B-4106-8A4F-CAC1CC1023CF}.Release|Any CPU.Build.0 = Release|Any CPU
		{69BF8FFA-DD1B-4AB2-A8B0-7B4CABD92720}.Debug|Any CPU.ActiveCfg = Debug|Any CPU
		{69BF8FFA-DD1B-4AB2-A8B0-7B4CABD92720}.Debug|Any CPU.Build.0 = Debug|Any CPU
		{69BF8FFA-DD1B-4AB2-A8B0-7B4CABD92720}.Release|Any CPU.ActiveCfg = Release|Any CPU
		{69BF8FFA-DD1B-4AB2-A8B0-7B4CABD92720}.Release|Any CPU.Build.0 = Release|Any CPU
		{72A9387A-D567-44F7-89F8-2F0EA67FB9D8}.Debug|Any CPU.ActiveCfg = Debug|Any CPU
		{72A9387A-D567-44F7-89F8-2F0EA67FB9D8}.Debug|Any CPU.Build.0 = Debug|Any CPU
		{72A9387A-D567-44F7-89F8-2F0EA67FB9D8}.Release|Any CPU.ActiveCfg = Release|Any CPU
		{72A9387A-D567-44F7-89F8-2F0EA67FB9D8}.Release|Any CPU.Build.0 = Release|Any CPU
		{02D43B1A-A90B-4BCF-8353-DDD3C8FDAA3F}.Debug|Any CPU.ActiveCfg = Debug|Any CPU
		{02D43B1A-A90B-4BCF-8353-DDD3C8FDAA3F}.Debug|Any CPU.Build.0 = Debug|Any CPU
		{02D43B1A-A90B-4BCF-8353-DDD3C8FDAA3F}.Release|Any CPU.ActiveCfg = Release|Any CPU
		{02D43B1A-A90B-4BCF-8353-DDD3C8FDAA3F}.Release|Any CPU.Build.0 = Release|Any CPU
		{21D69560-D28A-4ED2-87BF-3AF17B46B3BD}.Debug|Any CPU.ActiveCfg = Debug|Any CPU
		{21D69560-D28A-4ED2-87BF-3AF17B46B3BD}.Debug|Any CPU.Build.0 = Debug|Any CPU
		{21D69560-D28A-4ED2-87BF-3AF17B46B3BD}.Release|Any CPU.ActiveCfg = Release|Any CPU
		{21D69560-D28A-4ED2-87BF-3AF17B46B3BD}.Release|Any CPU.Build.0 = Release|Any CPU
		{4CCA81F7-487D-4886-AB64-5C633913057F}.Debug|Any CPU.ActiveCfg = Debug|Any CPU
		{4CCA81F7-487D-4886-AB64-5C633913057F}.Debug|Any CPU.Build.0 = Debug|Any CPU
		{4CCA81F7-487D-4886-AB64-5C633913057F}.Release|Any CPU.ActiveCfg = Release|Any CPU
		{4CCA81F7-487D-4886-AB64-5C633913057F}.Release|Any CPU.Build.0 = Release|Any CPU
		{0B9CA8E4-0298-4845-A54A-C5A33CF75202}.Debug|Any CPU.ActiveCfg = Debug|Any CPU
		{0B9CA8E4-0298-4845-A54A-C5A33CF75202}.Debug|Any CPU.Build.0 = Debug|Any CPU
		{0B9CA8E4-0298-4845-A54A-C5A33CF75202}.Release|Any CPU.ActiveCfg = Release|Any CPU
		{0B9CA8E4-0298-4845-A54A-C5A33CF75202}.Release|Any CPU.Build.0 = Release|Any CPU
		{08627E3F-9374-4CF2-8FA0-2EC8CB4AD31B}.Debug|Any CPU.ActiveCfg = Debug|Any CPU
		{08627E3F-9374-4CF2-8FA0-2EC8CB4AD31B}.Debug|Any CPU.Build.0 = Debug|Any CPU
		{08627E3F-9374-4CF2-8FA0-2EC8CB4AD31B}.Release|Any CPU.ActiveCfg = Release|Any CPU
		{08627E3F-9374-4CF2-8FA0-2EC8CB4AD31B}.Release|Any CPU.Build.0 = Release|Any CPU
		{66427EF2-52EA-418D-9DC6-E8A5CFD32A04}.Debug|Any CPU.ActiveCfg = Debug|Any CPU
		{66427EF2-52EA-418D-9DC6-E8A5CFD32A04}.Debug|Any CPU.Build.0 = Debug|Any CPU
		{66427EF2-52EA-418D-9DC6-E8A5CFD32A04}.Release|Any CPU.ActiveCfg = Release|Any CPU
		{66427EF2-52EA-418D-9DC6-E8A5CFD32A04}.Release|Any CPU.Build.0 = Release|Any CPU
		{DBD30AD0-9A29-4E02-99B4-E3BFB1FFE929}.Debug|Any CPU.ActiveCfg = Debug|Any CPU
		{DBD30AD0-9A29-4E02-99B4-E3BFB1FFE929}.Debug|Any CPU.Build.0 = Debug|Any CPU
		{DBD30AD0-9A29-4E02-99B4-E3BFB1FFE929}.Release|Any CPU.ActiveCfg = Release|Any CPU
		{DBD30AD0-9A29-4E02-99B4-E3BFB1FFE929}.Release|Any CPU.Build.0 = Release|Any CPU
		{28D54B71-53FF-4C4E-88B7-744D7B2B2AFF}.Debug|Any CPU.ActiveCfg = Debug|Any CPU
		{28D54B71-53FF-4C4E-88B7-744D7B2B2AFF}.Debug|Any CPU.Build.0 = Debug|Any CPU
		{28D54B71-53FF-4C4E-88B7-744D7B2B2AFF}.Release|Any CPU.ActiveCfg = Release|Any CPU
		{28D54B71-53FF-4C4E-88B7-744D7B2B2AFF}.Release|Any CPU.Build.0 = Release|Any CPU
		{858F77D8-28BB-4063-85FC-B3ADB148D9FB}.Debug|Any CPU.ActiveCfg = Debug|Any CPU
		{858F77D8-28BB-4063-85FC-B3ADB148D9FB}.Debug|Any CPU.Build.0 = Debug|Any CPU
		{858F77D8-28BB-4063-85FC-B3ADB148D9FB}.Release|Any CPU.ActiveCfg = Release|Any CPU
		{858F77D8-28BB-4063-85FC-B3ADB148D9FB}.Release|Any CPU.Build.0 = Release|Any CPU
		{218F4FDA-503E-4F5A-BD9D-2391A4F52C17}.Debug|Any CPU.ActiveCfg = Debug|Any CPU
		{218F4FDA-503E-4F5A-BD9D-2391A4F52C17}.Debug|Any CPU.Build.0 = Debug|Any CPU
		{218F4FDA-503E-4F5A-BD9D-2391A4F52C17}.Release|Any CPU.ActiveCfg = Release|Any CPU
		{218F4FDA-503E-4F5A-BD9D-2391A4F52C17}.Release|Any CPU.Build.0 = Release|Any CPU
		{EEC29CC9-78C4-4FD5-9310-F76F44E16183}.Debug|Any CPU.ActiveCfg = Debug|Any CPU
		{EEC29CC9-78C4-4FD5-9310-F76F44E16183}.Debug|Any CPU.Build.0 = Debug|Any CPU
		{EEC29CC9-78C4-4FD5-9310-F76F44E16183}.Release|Any CPU.ActiveCfg = Release|Any CPU
		{EEC29CC9-78C4-4FD5-9310-F76F44E16183}.Release|Any CPU.Build.0 = Release|Any CPU
		{54DE7280-BFD4-4774-9BB7-CFB5E250151F}.Debug|Any CPU.ActiveCfg = Debug|Any CPU
		{54DE7280-BFD4-4774-9BB7-CFB5E250151F}.Debug|Any CPU.Build.0 = Debug|Any CPU
		{54DE7280-BFD4-4774-9BB7-CFB5E250151F}.Release|Any CPU.ActiveCfg = Release|Any CPU
		{54DE7280-BFD4-4774-9BB7-CFB5E250151F}.Release|Any CPU.Build.0 = Release|Any CPU
		{856CC064-62C0-403E-8EE6-D9796DA67041}.Debug|Any CPU.ActiveCfg = Debug|Any CPU
		{856CC064-62C0-403E-8EE6-D9796DA67041}.Debug|Any CPU.Build.0 = Debug|Any CPU
		{856CC064-62C0-403E-8EE6-D9796DA67041}.Release|Any CPU.ActiveCfg = Release|Any CPU
		{856CC064-62C0-403E-8EE6-D9796DA67041}.Release|Any CPU.Build.0 = Release|Any CPU
		{CE8E5EBD-1F47-45DA-83A8-87EE8335D317}.Debug|Any CPU.ActiveCfg = Debug|Any CPU
		{CE8E5EBD-1F47-45DA-83A8-87EE8335D317}.Debug|Any CPU.Build.0 = Debug|Any CPU
		{CE8E5EBD-1F47-45DA-83A8-87EE8335D317}.Release|Any CPU.ActiveCfg = Release|Any CPU
		{CE8E5EBD-1F47-45DA-83A8-87EE8335D317}.Release|Any CPU.Build.0 = Release|Any CPU
		{8ABE1BC4-0011-4897-9D11-04C827D7294D}.Debug|Any CPU.ActiveCfg = Debug|Any CPU
		{8ABE1BC4-0011-4897-9D11-04C827D7294D}.Debug|Any CPU.Build.0 = Debug|Any CPU
		{8ABE1BC4-0011-4897-9D11-04C827D7294D}.Release|Any CPU.ActiveCfg = Release|Any CPU
		{8ABE1BC4-0011-4897-9D11-04C827D7294D}.Release|Any CPU.Build.0 = Release|Any CPU
		{F403FB91-F1E0-42F0-A072-648BC326A03B}.Debug|Any CPU.ActiveCfg = Debug|Any CPU
		{F403FB91-F1E0-42F0-A072-648BC326A03B}.Debug|Any CPU.Build.0 = Debug|Any CPU
		{F403FB91-F1E0-42F0-A072-648BC326A03B}.Release|Any CPU.ActiveCfg = Release|Any CPU
		{F403FB91-F1E0-42F0-A072-648BC326A03B}.Release|Any CPU.Build.0 = Release|Any CPU
		{965D7767-C92A-4CAE-8FA8-E5AF527494E4}.Debug|Any CPU.ActiveCfg = Debug|Any CPU
		{965D7767-C92A-4CAE-8FA8-E5AF527494E4}.Debug|Any CPU.Build.0 = Debug|Any CPU
		{965D7767-C92A-4CAE-8FA8-E5AF527494E4}.Release|Any CPU.ActiveCfg = Release|Any CPU
		{965D7767-C92A-4CAE-8FA8-E5AF527494E4}.Release|Any CPU.Build.0 = Release|Any CPU
		{51053946-6B73-4EAD-9195-81C8BF757CBB}.Debug|Any CPU.ActiveCfg = Debug|Any CPU
		{51053946-6B73-4EAD-9195-81C8BF757CBB}.Debug|Any CPU.Build.0 = Debug|Any CPU
		{51053946-6B73-4EAD-9195-81C8BF757CBB}.Release|Any CPU.ActiveCfg = Release|Any CPU
		{51053946-6B73-4EAD-9195-81C8BF757CBB}.Release|Any CPU.Build.0 = Release|Any CPU
		{340B96FD-1591-4D9E-A28D-1495F6D92540}.Debug|Any CPU.ActiveCfg = Debug|Any CPU
		{340B96FD-1591-4D9E-A28D-1495F6D92540}.Debug|Any CPU.Build.0 = Debug|Any CPU
		{340B96FD-1591-4D9E-A28D-1495F6D92540}.Release|Any CPU.ActiveCfg = Release|Any CPU
		{340B96FD-1591-4D9E-A28D-1495F6D92540}.Release|Any CPU.Build.0 = Release|Any CPU
	EndGlobalSection
	GlobalSection(SolutionProperties) = preSolution
		HideSolutionNode = FALSE
	EndGlobalSection
	GlobalSection(NestedProjects) = preSolution
		{E8D67431-15F0-4317-99BD-D265A3464639} = {7CA86D15-7746-47C9-AFCB-6089BA7BE1B4}
		{62DEDDEC-0B4F-4ACC-BBA1-77080A68C910} = {7CA86D15-7746-47C9-AFCB-6089BA7BE1B4}
		{CAD6FCBE-C83E-4DA1-AA4A-05AFF5DB4BE5} = {7CA86D15-7746-47C9-AFCB-6089BA7BE1B4}
		{F922F0D3-15CE-490E-A24A-2ECDBC555030} = {3876267E-0B26-47BA-B421-C7B03F74098C}
		{572336CA-B132-46F8-BCCD-5A6EC4C7D9D5} = {3876267E-0B26-47BA-B421-C7B03F74098C}
		{3FA85064-0CDC-438B-86D9-310381B0D6AC} = {3876267E-0B26-47BA-B421-C7B03F74098C}
		{7B9DB377-9B9F-4F57-B24F-CA73D03B79E5} = {355250F2-4B88-4194-A213-56D00D01D875}
		{D6B6F376-6F0B-4106-8A4F-CAC1CC1023CF} = {355250F2-4B88-4194-A213-56D00D01D875}
		{69BF8FFA-DD1B-4AB2-A8B0-7B4CABD92720} = {355250F2-4B88-4194-A213-56D00D01D875}
		{72A9387A-D567-44F7-89F8-2F0EA67FB9D8} = {15BE227D-D991-4F1A-A6A2-E90FF8BCE892}
		{02D43B1A-A90B-4BCF-8353-DDD3C8FDAA3F} = {15BE227D-D991-4F1A-A6A2-E90FF8BCE892}
		{21D69560-D28A-4ED2-87BF-3AF17B46B3BD} = {15BE227D-D991-4F1A-A6A2-E90FF8BCE892}
		{4CCA81F7-487D-4886-AB64-5C633913057F} = {939A9E40-8B7F-45A9-AE0A-DFAF5A148613}
		{0B9CA8E4-0298-4845-A54A-C5A33CF75202} = {939A9E40-8B7F-45A9-AE0A-DFAF5A148613}
		{08627E3F-9374-4CF2-8FA0-2EC8CB4AD31B} = {939A9E40-8B7F-45A9-AE0A-DFAF5A148613}
		{66427EF2-52EA-418D-9DC6-E8A5CFD32A04} = {1A85AAE5-A7E1-4E6B-BDDF-EACCBDF1A492}
		{DBD30AD0-9A29-4E02-99B4-E3BFB1FFE929} = {1A85AAE5-A7E1-4E6B-BDDF-EACCBDF1A492}
		{28D54B71-53FF-4C4E-88B7-744D7B2B2AFF} = {1A85AAE5-A7E1-4E6B-BDDF-EACCBDF1A492}
		{858F77D8-28BB-4063-85FC-B3ADB148D9FB} = {D5C1DABC-5673-4123-A7CA-76134E4B23EC}
		{218F4FDA-503E-4F5A-BD9D-2391A4F52C17} = {D5C1DABC-5673-4123-A7CA-76134E4B23EC}
		{EEC29CC9-78C4-4FD5-9310-F76F44E16183} = {D5C1DABC-5673-4123-A7CA-76134E4B23EC}
		{54DE7280-BFD4-4774-9BB7-CFB5E250151F} = {655E4BED-639D-4B5D-B2C1-207226D2CC8B}
		{856CC064-62C0-403E-8EE6-D9796DA67041} = {D151B3A7-8B08-49D5-A8C9-24AF63D1627A}
		{CE8E5EBD-1F47-45DA-83A8-87EE8335D317} = {82BD1967-C980-494B-8E4B-D80BE000284C}
		{8ABE1BC4-0011-4897-9D11-04C827D7294D} = {BF3269C0-A78F-4450-B36B-4DBA0613B1FE}
		{F403FB91-F1E0-42F0-A072-648BC326A03B} = {BBA99AE6-5C95-443B-9432-4E0864A0EC6A}
		{965D7767-C92A-4CAE-8FA8-E5AF527494E4} = {00BFD150-76F7-405C-BE0E-F9E876FEA4F8}
		{51053946-6B73-4EAD-9195-81C8BF757CBB} = {58EE10CC-624B-434B-9FF9-EFA68336BB90}
		{340B96FD-1591-4D9E-A28D-1495F6D92540} = {D5B582B2-CCD3-4DBF-BDF4-BDF0B2BEEE7F}
	EndGlobalSection
	GlobalSection(ExtensibilityGlobals) = postSolution
		SolutionGuid = {A9115A3B-FF09-4679-9C75-B27360723750}
	EndGlobalSection
EndGlobal
