
Microsoft Visual Studio Solution File, Format Version 12.00
Project("{FAE04EC0-301F-11D3-BF4B-00C04F79EFBC}") = "Atlantis.Register", "Atlantis.Register\Atlantis.Register.csproj", "{50918168-1E86-46B4-9970-3AFF741BB700}"
EndProject
Global
	GlobalSection(SolutionConfigurationPlatforms) = preSolution
		Debug|Any CPU = Debug|Any CPU
		Release|Any CPU = Release|Any CPU
	EndGlobalSection
	GlobalSection(ProjectConfigurationPlatforms) = postSolution
		{50918168-1E86-46B4-9970-3AFF741BB700}.Debug|Any CPU.ActiveCfg = Debug|Any CPU
		{50918168-1E86-46B4-9970-3AFF741BB700}.Debug|Any CPU.Build.0 = Debug|Any CPU
		{50918168-1E86-46B4-9970-3AFF741BB700}.Release|Any CPU.ActiveCfg = Release|Any CPU
		{50918168-1E86-46B4-9970-3AFF741BB700}.Release|Any CPU.Build.0 = Release|Any CPU
	EndGlobalSection
EndGlobal
